// !$*UTF8*$!
{
	archiveVersion = 1;
	classes = {
	};
	objectVersion = 45;
	objects = {

/* Begin PBXBuildFile section */
		030DEC00126CDD1B000D87ED /* DiamondSquare.cpp in Sources */ = {isa = PBXBuildFile; fileRef = 030DEBFF126CDD1B000D87ED /* DiamondSquare.cpp */; };
		030F8DE41264BFAA00190225 /* TODO.txt in Resources */ = {isa = PBXBuildFile; fileRef = 030F8DE31264BFAA00190225 /* TODO.txt */; };
		030F8DEE1264C00100190225 /* shaders in Resources */ = {isa = PBXBuildFile; fileRef = 030F8DEC1264C00100190225 /* shaders */; };
		030F8E021264C01100190225 /* data in Resources */ = {isa = PBXBuildFile; fileRef = 030F8DEF1264C01100190225 /* data */; };
		030F8E161264C0FF00190225 /* dominicusMain.cpp in Sources */ = {isa = PBXBuildFile; fileRef = 030F8E101264C0FF00190225 /* dominicusMain.cpp */; };
		030F8E171264C0FF00190225 /* SDLMain.m in Sources */ = {isa = PBXBuildFile; fileRef = 030F8E151264C0FF00190225 /* SDLMain.m */; };
		030F8E1D1264C1F800190225 /* GamePrefs.cpp in Sources */ = {isa = PBXBuildFile; fileRef = 030F8E1B1264C1F800190225 /* GamePrefs.cpp */; };
		030F8E1F1264C3E800190225 /* main.cpp in Sources */ = {isa = PBXBuildFile; fileRef = 030F8E1E1264C3E800190225 /* main.cpp */; };
		030F8E6B1264CB9400190225 /* SystemInfo.cpp in Sources */ = {isa = PBXBuildFile; fileRef = 030F8E691264CB9400190225 /* SystemInfo.cpp */; };
		030F8E7C1264CC2D00190225 /* ProgramLog.cpp in Sources */ = {isa = PBXBuildFile; fileRef = 030F8E7A1264CC2D00190225 /* ProgramLog.cpp */; };
		030F8E8D1264CD8D00190225 /* Platform.cpp in Sources */ = {isa = PBXBuildFile; fileRef = 030F8E8C1264CD8D00190225 /* Platform.cpp */; };
		030F8EBA1264D05800190225 /* BMPImage.cpp in Sources */ = {isa = PBXBuildFile; fileRef = 030F8EB61264D05800190225 /* BMPImage.cpp */; };
		030F8EBB1264D05800190225 /* Texture.cpp in Sources */ = {isa = PBXBuildFile; fileRef = 030F8EB81264D05800190225 /* Texture.cpp */; };
		030F8ECF1264D82200190225 /* FontManager.cpp in Sources */ = {isa = PBXBuildFile; fileRef = 030F8ECD1264D82200190225 /* FontManager.cpp */; };
		030F8F011264DBF300190225 /* libfreetype.a in Frameworks */ = {isa = PBXBuildFile; fileRef = 030F8F001264DBF300190225 /* libfreetype.a */; };
		030F8F301264DC2200190225 /* libz.a in Frameworks */ = {isa = PBXBuildFile; fileRef = 030F8F2F1264DC2200190225 /* libz.a */; };
		030F8F3E1264DD1300190225 /* Keyboard.cpp in Sources */ = {isa = PBXBuildFile; fileRef = 030F8F3C1264DD1300190225 /* Keyboard.cpp */; };
		030F91991265152000190225 /* ShaderTools.cpp in Sources */ = {isa = PBXBuildFile; fileRef = 030F91931265152000190225 /* ShaderTools.cpp */; };
		032B8AD212639A4600DDE564 /* SDL.framework in Frameworks */ = {isa = PBXBuildFile; fileRef = 032B8AD112639A4600DDE564 /* SDL.framework */; };
		032B8AE312639AC300DDE564 /* Cocoa.framework in Frameworks */ = {isa = PBXBuildFile; fileRef = 032B8AE212639AC300DDE564 /* Cocoa.framework */; };
		032B8B1612639AED00DDE564 /* OpenGL.framework in Frameworks */ = {isa = PBXBuildFile; fileRef = 032B8B1512639AED00DDE564 /* OpenGL.framework */; };
		032B8B361263DF5900DDE564 /* CODEFORMATTING.txt in Resources */ = {isa = PBXBuildFile; fileRef = 032B8B341263DF5900DDE564 /* CODEFORMATTING.txt */; };
		032B8B371263DF5900DDE564 /* README.txt in Resources */ = {isa = PBXBuildFile; fileRef = 032B8B351263DF5900DDE564 /* README.txt */; };
		032B9BA0129A94BD00E5F5FB /* HUDArrangement.cpp in Sources */ = {isa = PBXBuildFile; fileRef = 032B9B9F129A94BD00E5F5FB /* HUDArrangement.cpp */; };
		034FEA48129ACA060071B2AA /* TextBlock.cpp in Sources */ = {isa = PBXBuildFile; fileRef = 034FEA47129ACA060071B2AA /* TextBlock.cpp */; };
		0353D4BA127B0A43002340BF /* Terrain.cpp in Sources */ = {isa = PBXBuildFile; fileRef = 0353D4B9127B0A43002340BF /* Terrain.cpp */; };
		0353D809127BB684002340BF /* SDL.framework in Copy Frameworks */ = {isa = PBXBuildFile; fileRef = 032B8AD112639A4600DDE564 /* SDL.framework */; };
		035A3C4612841B390001E186 /* Mouse.cpp in Sources */ = {isa = PBXBuildFile; fileRef = 035A3C4512841B390001E186 /* Mouse.cpp */; };
		035A3D061284293A0001E186 /* DrawCursor.cpp in Sources */ = {isa = PBXBuildFile; fileRef = 035A3D051284293A0001E186 /* DrawCursor.cpp */; };
		035A3DF91284391F0001E186 /* KeyTrap.cpp in Sources */ = {isa = PBXBuildFile; fileRef = 035A3DF81284391F0001E186 /* KeyTrap.cpp */; };
		035F1E4512A358FB008DA566 /* GameWindow.cpp in Sources */ = {isa = PBXBuildFile; fileRef = 035F1E4312A358FB008DA566 /* GameWindow.cpp */; };
		0369DEE41285A28600355C4E /* DrawHUD.cpp in Sources */ = {isa = PBXBuildFile; fileRef = 0369DEA31285964500355C4E /* DrawHUD.cpp */; };
		036E68C0128831880084C49C /* DrawHUDEnclosure.cpp in Sources */ = {isa = PBXBuildFile; fileRef = 036E68BF128831880084C49C /* DrawHUDEnclosure.cpp */; };
		0388867E12A0D2AF0079CBB3 /* DrawConsole.cpp in Sources */ = {isa = PBXBuildFile; fileRef = 0388867C12A0D2AF0079CBB3 /* DrawConsole.cpp */; };
		0388868212A0D2B80079CBB3 /* DrawInfoBox.cpp in Sources */ = {isa = PBXBuildFile; fileRef = 0388868012A0D2B80079CBB3 /* DrawInfoBox.cpp */; };
		039FA1211285D5A8003A2CC5 /* DrawHUDContainerUtility.cpp in Sources */ = {isa = PBXBuildFile; fileRef = 039FA11F1285D5A8003A2CC5 /* DrawHUDContainerUtility.cpp */; };
		03D47B7E1263E27F001755A6 /* dominicus.icns in Resources */ = {isa = PBXBuildFile; fileRef = 03D47B7D1263E27F001755A6 /* dominicus.icns */; };
		03D8C07D1264BEBA00F26DC9 /* licenses in Resources */ = {isa = PBXBuildFile; fileRef = 03D8C0781264BEBA00F26DC9 /* licenses */; };
		03DA5B85127AA286003814F7 /* Camera.cpp in Sources */ = {isa = PBXBuildFile; fileRef = 03DA5B83127AA286003814F7 /* Camera.cpp */; };
		03DA5B88127AA312003814F7 /* WorldViewCamera.cpp in Sources */ = {isa = PBXBuildFile; fileRef = 03DA5B87127AA312003814F7 /* WorldViewCamera.cpp */; };
		03DA5BC3127AA7B0003814F7 /* RenderingMaster.cpp in Sources */ = {isa = PBXBuildFile; fileRef = 03DA5BC2127AA7B0003814F7 /* RenderingMaster.cpp */; };
		03DA5BCA127AA84C003814F7 /* TerrainRenderer.cpp in Sources */ = {isa = PBXBuildFile; fileRef = 03DA5BC9127AA84C003814F7 /* TerrainRenderer.cpp */; };
		03DF5A0812797B4D003C2134 /* DrawingMaster.cpp in Sources */ = {isa = PBXBuildFile; fileRef = 03DF59FF12797B4D003C2134 /* DrawingMaster.cpp */; };
		03E2C285128444A000F40D33 /* OrthoCamera.cpp in Sources */ = {isa = PBXBuildFile; fileRef = 03E2C283128444A000F40D33 /* OrthoCamera.cpp */; };
		8D11072B0486CEB800E47090 /* InfoPlist.strings in Resources */ = {isa = PBXBuildFile; fileRef = 089C165CFE840E0CC02AAC07 /* InfoPlist.strings */; };
/* End PBXBuildFile section */

/* Begin PBXCopyFilesBuildPhase section */
		0353D835127BB696002340BF /* Copy Frameworks */ = {
			isa = PBXCopyFilesBuildPhase;
			buildActionMask = 2147483647;
			dstPath = "";
			dstSubfolderSpec = 10;
			files = (
				0353D809127BB684002340BF /* SDL.framework in Copy Frameworks */,
			);
			name = "Copy Frameworks";
			runOnlyForDeploymentPostprocessing = 0;
		};
/* End PBXCopyFilesBuildPhase section */

/* Begin PBXFileReference section */
		030DEBFE126CDD1B000D87ED /* DiamondSquare.h */ = {isa = PBXFileReference; fileEncoding = 4; lastKnownFileType = sourcecode.c.h; path = DiamondSquare.h; sourceTree = "<group>"; };
		030DEBFF126CDD1B000D87ED /* DiamondSquare.cpp */ = {isa = PBXFileReference; fileEncoding = 4; lastKnownFileType = sourcecode.cpp.cpp; path = DiamondSquare.cpp; sourceTree = "<group>"; };
		030F8DE31264BFAA00190225 /* TODO.txt */ = {isa = PBXFileReference; fileEncoding = 4; lastKnownFileType = text; path = TODO.txt; sourceTree = "<group>"; };
		030F8DEC1264C00100190225 /* shaders */ = {isa = PBXFileReference; lastKnownFileType = folder; path = shaders; sourceTree = "<group>"; };
		030F8DEF1264C01100190225 /* data */ = {isa = PBXFileReference; lastKnownFileType = folder; path = data; sourceTree = "<group>"; };
		030F8E101264C0FF00190225 /* dominicusMain.cpp */ = {isa = PBXFileReference; fileEncoding = 4; lastKnownFileType = sourcecode.cpp.cpp; path = dominicusMain.cpp; sourceTree = "<group>"; };
		030F8E111264C0FF00190225 /* dominicusMain.h */ = {isa = PBXFileReference; fileEncoding = 4; lastKnownFileType = sourcecode.c.h; path = dominicusMain.h; sourceTree = "<group>"; };
		030F8E141264C0FF00190225 /* SDLMain.h */ = {isa = PBXFileReference; fileEncoding = 4; lastKnownFileType = sourcecode.c.h; path = SDLMain.h; sourceTree = "<group>"; };
		030F8E151264C0FF00190225 /* SDLMain.m */ = {isa = PBXFileReference; fileEncoding = 4; lastKnownFileType = sourcecode.c.objc; path = SDLMain.m; sourceTree = "<group>"; };
		030F8E1B1264C1F800190225 /* GamePrefs.cpp */ = {isa = PBXFileReference; fileEncoding = 4; lastKnownFileType = sourcecode.cpp.cpp; path = GamePrefs.cpp; sourceTree = "<group>"; };
		030F8E1C1264C1F800190225 /* GamePrefs.h */ = {isa = PBXFileReference; fileEncoding = 4; lastKnownFileType = sourcecode.c.h; path = GamePrefs.h; sourceTree = "<group>"; };
		030F8E1E1264C3E800190225 /* main.cpp */ = {isa = PBXFileReference; fileEncoding = 4; lastKnownFileType = sourcecode.cpp.cpp; path = main.cpp; sourceTree = "<group>"; };
		030F8E691264CB9400190225 /* SystemInfo.cpp */ = {isa = PBXFileReference; fileEncoding = 4; lastKnownFileType = sourcecode.cpp.cpp; path = SystemInfo.cpp; sourceTree = "<group>"; };
		030F8E6A1264CB9400190225 /* SystemInfo.h */ = {isa = PBXFileReference; fileEncoding = 4; lastKnownFileType = sourcecode.c.h; path = SystemInfo.h; sourceTree = "<group>"; };
		030F8E7A1264CC2D00190225 /* ProgramLog.cpp */ = {isa = PBXFileReference; fileEncoding = 4; lastKnownFileType = sourcecode.cpp.cpp; path = ProgramLog.cpp; sourceTree = "<group>"; };
		030F8E7B1264CC2D00190225 /* ProgramLog.h */ = {isa = PBXFileReference; fileEncoding = 4; lastKnownFileType = sourcecode.c.h; path = ProgramLog.h; sourceTree = "<group>"; };
		030F8E8B1264CD7700190225 /* Platform.h */ = {isa = PBXFileReference; fileEncoding = 4; lastKnownFileType = sourcecode.c.h; path = Platform.h; sourceTree = "<group>"; };
		030F8E8C1264CD8D00190225 /* Platform.cpp */ = {isa = PBXFileReference; fileEncoding = 4; lastKnownFileType = sourcecode.cpp.cpp; path = Platform.cpp; sourceTree = "<group>"; };
		030F8EAF1264CFFC00190225 /* MatrixMath.h */ = {isa = PBXFileReference; fileEncoding = 4; lastKnownFileType = sourcecode.c.h; path = MatrixMath.h; sourceTree = "<group>"; };
		030F8EB01264CFFC00190225 /* ScalarMath.h */ = {isa = PBXFileReference; fileEncoding = 4; lastKnownFileType = sourcecode.c.h; path = ScalarMath.h; sourceTree = "<group>"; };
		030F8EB11264CFFC00190225 /* VectorMath.h */ = {isa = PBXFileReference; fileEncoding = 4; lastKnownFileType = sourcecode.c.h; path = VectorMath.h; sourceTree = "<group>"; };
		030F8EB61264D05800190225 /* BMPImage.cpp */ = {isa = PBXFileReference; fileEncoding = 4; lastKnownFileType = sourcecode.cpp.cpp; path = BMPImage.cpp; sourceTree = "<group>"; };
		030F8EB71264D05800190225 /* BMPImage.h */ = {isa = PBXFileReference; fileEncoding = 4; lastKnownFileType = sourcecode.c.h; path = BMPImage.h; sourceTree = "<group>"; };
		030F8EB81264D05800190225 /* Texture.cpp */ = {isa = PBXFileReference; fileEncoding = 4; lastKnownFileType = sourcecode.cpp.cpp; path = Texture.cpp; sourceTree = "<group>"; };
		030F8EB91264D05800190225 /* Texture.h */ = {isa = PBXFileReference; fileEncoding = 4; lastKnownFileType = sourcecode.c.h; path = Texture.h; sourceTree = "<group>"; };
		030F8EC51264D4BC00190225 /* Mesh.h */ = {isa = PBXFileReference; fileEncoding = 4; lastKnownFileType = sourcecode.c.h; path = Mesh.h; sourceTree = "<group>"; };
		030F8ECD1264D82200190225 /* FontManager.cpp */ = {isa = PBXFileReference; fileEncoding = 4; lastKnownFileType = sourcecode.cpp.cpp; path = FontManager.cpp; sourceTree = "<group>"; };
		030F8ECE1264D82200190225 /* FontManager.h */ = {isa = PBXFileReference; fileEncoding = 4; lastKnownFileType = sourcecode.c.h; path = FontManager.h; sourceTree = "<group>"; };
		030F8F001264DBF300190225 /* libfreetype.a */ = {isa = PBXFileReference; lastKnownFileType = archive.ar; name = libfreetype.a; path = /usr/local/lib/libfreetype.a; sourceTree = "<absolute>"; };
		030F8F2F1264DC2200190225 /* libz.a */ = {isa = PBXFileReference; lastKnownFileType = archive.ar; name = libz.a; path = /usr/local/lib/libz.a; sourceTree = "<absolute>"; };
		030F8F3C1264DD1300190225 /* Keyboard.cpp */ = {isa = PBXFileReference; fileEncoding = 4; lastKnownFileType = sourcecode.cpp.cpp; path = Keyboard.cpp; sourceTree = "<group>"; };
		030F8F3D1264DD1300190225 /* Keyboard.h */ = {isa = PBXFileReference; fileEncoding = 4; lastKnownFileType = sourcecode.c.h; path = Keyboard.h; sourceTree = "<group>"; };
		030F91931265152000190225 /* ShaderTools.cpp */ = {isa = PBXFileReference; fileEncoding = 4; lastKnownFileType = sourcecode.cpp.cpp; path = ShaderTools.cpp; sourceTree = "<group>"; };
		030F91941265152000190225 /* ShaderTools.h */ = {isa = PBXFileReference; fileEncoding = 4; lastKnownFileType = sourcecode.c.h; path = ShaderTools.h; sourceTree = "<group>"; };
		032B8AB21263982C00DDE564 /* dominicus.app */ = {isa = PBXFileReference; explicitFileType = wrapper.application; includeInIndex = 0; path = dominicus.app; sourceTree = BUILT_PRODUCTS_DIR; };
		032B8AD112639A4600DDE564 /* SDL.framework */ = {isa = PBXFileReference; lastKnownFileType = wrapper.framework; name = SDL.framework; path = Library/Frameworks/SDL.framework; sourceTree = SDKROOT; };
		032B8AE212639AC300DDE564 /* Cocoa.framework */ = {isa = PBXFileReference; lastKnownFileType = wrapper.framework; name = Cocoa.framework; path = System/Library/Frameworks/Cocoa.framework; sourceTree = SDKROOT; };
		032B8B1512639AED00DDE564 /* OpenGL.framework */ = {isa = PBXFileReference; lastKnownFileType = wrapper.framework; name = OpenGL.framework; path = System/Library/Frameworks/OpenGL.framework; sourceTree = SDKROOT; };
		032B8B341263DF5900DDE564 /* CODEFORMATTING.txt */ = {isa = PBXFileReference; fileEncoding = 4; lastKnownFileType = text; path = CODEFORMATTING.txt; sourceTree = "<group>"; };
		032B8B351263DF5900DDE564 /* README.txt */ = {isa = PBXFileReference; fileEncoding = 4; lastKnownFileType = text; path = README.txt; sourceTree = "<group>"; };
		032B9B9F129A94BD00E5F5FB /* HUDArrangement.cpp */ = {isa = PBXFileReference; fileEncoding = 4; lastKnownFileType = sourcecode.cpp.cpp; path = HUDArrangement.cpp; sourceTree = "<group>"; };
		034FEA46129ACA060071B2AA /* TextBlock.h */ = {isa = PBXFileReference; fileEncoding = 4; lastKnownFileType = sourcecode.c.h; path = TextBlock.h; sourceTree = "<group>"; };
		034FEA47129ACA060071B2AA /* TextBlock.cpp */ = {isa = PBXFileReference; fileEncoding = 4; lastKnownFileType = sourcecode.cpp.cpp; path = TextBlock.cpp; sourceTree = "<group>"; };
		0353D4B8127B0A43002340BF /* Terrain.h */ = {isa = PBXFileReference; fileEncoding = 4; lastKnownFileType = sourcecode.c.h; name = Terrain.h; path = src/state/Terrain.h; sourceTree = "<group>"; };
		0353D4B9127B0A43002340BF /* Terrain.cpp */ = {isa = PBXFileReference; fileEncoding = 4; lastKnownFileType = sourcecode.cpp.cpp; name = Terrain.cpp; path = src/state/Terrain.cpp; sourceTree = "<group>"; };
		035A3C4412841B390001E186 /* Mouse.h */ = {isa = PBXFileReference; fileEncoding = 4; lastKnownFileType = sourcecode.c.h; path = Mouse.h; sourceTree = "<group>"; };
		035A3C4512841B390001E186 /* Mouse.cpp */ = {isa = PBXFileReference; fileEncoding = 4; lastKnownFileType = sourcecode.cpp.cpp; path = Mouse.cpp; sourceTree = "<group>"; };
		035A3D041284293A0001E186 /* DrawCursor.h */ = {isa = PBXFileReference; fileEncoding = 4; lastKnownFileType = sourcecode.c.h; name = DrawCursor.h; path = cursor/DrawCursor.h; sourceTree = "<group>"; };
		035A3D051284293A0001E186 /* DrawCursor.cpp */ = {isa = PBXFileReference; fileEncoding = 4; lastKnownFileType = sourcecode.cpp.cpp; name = DrawCursor.cpp; path = cursor/DrawCursor.cpp; sourceTree = "<group>"; };
		035A3DF71284391F0001E186 /* KeyTrap.h */ = {isa = PBXFileReference; fileEncoding = 4; lastKnownFileType = sourcecode.c.h; path = KeyTrap.h; sourceTree = "<group>"; };
		035A3DF81284391F0001E186 /* KeyTrap.cpp */ = {isa = PBXFileReference; fileEncoding = 4; lastKnownFileType = sourcecode.cpp.cpp; path = KeyTrap.cpp; sourceTree = "<group>"; };
		035F1E4312A358FB008DA566 /* GameWindow.cpp */ = {isa = PBXFileReference; fileEncoding = 4; lastKnownFileType = sourcecode.cpp.cpp; path = GameWindow.cpp; sourceTree = "<group>"; };
		035F1E4412A358FB008DA566 /* GameWindow.h */ = {isa = PBXFileReference; fileEncoding = 4; lastKnownFileType = sourcecode.c.h; path = GameWindow.h; sourceTree = "<group>"; };
		0369DE28128588C000355C4E /* SplashBackground.h */ = {isa = PBXFileReference; fileEncoding = 4; lastKnownFileType = sourcecode.c.h; name = SplashBackground.h; path = splash/SplashBackground.h; sourceTree = "<group>"; };
		0369DE29128588C000355C4E /* SplashBackground.cpp */ = {isa = PBXFileReference; fileEncoding = 4; lastKnownFileType = sourcecode.cpp.cpp; name = SplashBackground.cpp; path = splash/SplashBackground.cpp; sourceTree = "<group>"; };
		0369DEA31285964500355C4E /* DrawHUD.cpp */ = {isa = PBXFileReference; fileEncoding = 4; lastKnownFileType = sourcecode.cpp.cpp; path = DrawHUD.cpp; sourceTree = "<group>"; };
		0369DEA41285964500355C4E /* DrawHUD.h */ = {isa = PBXFileReference; fileEncoding = 4; lastKnownFileType = sourcecode.c.h; path = DrawHUD.h; sourceTree = "<group>"; };
		0369DF081285AB9400355C4E /* HUDArrangement.h */ = {isa = PBXFileReference; fileEncoding = 4; lastKnownFileType = sourcecode.c.h; path = HUDArrangement.h; sourceTree = "<group>"; };
		0369DF0B1285ABA600355C4E /* HUDElement.h */ = {isa = PBXFileReference; fileEncoding = 4; lastKnownFileType = sourcecode.c.h; path = HUDElement.h; sourceTree = "<group>"; };
		036A4D2112757E5F00CEED79 /* Console.cpp */ = {isa = PBXFileReference; fileEncoding = 4; lastKnownFileType = sourcecode.cpp.cpp; path = Console.cpp; sourceTree = "<group>"; };
		036A4D2212757E5F00CEED79 /* Console.h */ = {isa = PBXFileReference; fileEncoding = 4; lastKnownFileType = sourcecode.c.h; path = Console.h; sourceTree = "<group>"; };
		036E68BE128831880084C49C /* DrawHUDEnclosure.h */ = {isa = PBXFileReference; fileEncoding = 4; lastKnownFileType = sourcecode.c.h; path = DrawHUDEnclosure.h; sourceTree = "<group>"; };
		036E68BF128831880084C49C /* DrawHUDEnclosure.cpp */ = {isa = PBXFileReference; fileEncoding = 4; lastKnownFileType = sourcecode.cpp.cpp; path = DrawHUDEnclosure.cpp; sourceTree = "<group>"; };
		0388867C12A0D2AF0079CBB3 /* DrawConsole.cpp */ = {isa = PBXFileReference; fileEncoding = 4; lastKnownFileType = sourcecode.cpp.cpp; path = DrawConsole.cpp; sourceTree = "<group>"; };
		0388867D12A0D2AF0079CBB3 /* DrawConsole.h */ = {isa = PBXFileReference; fileEncoding = 4; lastKnownFileType = sourcecode.c.h; path = DrawConsole.h; sourceTree = "<group>"; };
		0388868012A0D2B80079CBB3 /* DrawInfoBox.cpp */ = {isa = PBXFileReference; fileEncoding = 4; lastKnownFileType = sourcecode.cpp.cpp; path = DrawInfoBox.cpp; sourceTree = "<group>"; };
		0388868112A0D2B80079CBB3 /* DrawInfoBox.h */ = {isa = PBXFileReference; fileEncoding = 4; lastKnownFileType = sourcecode.c.h; path = DrawInfoBox.h; sourceTree = "<group>"; };
		038FC1DE12A0EA3A00AE328B /* OpenGLHeaders.h */ = {isa = PBXFileReference; fileEncoding = 4; lastKnownFileType = sourcecode.c.h; path = OpenGLHeaders.h; sourceTree = "<group>"; };
		039FA11F1285D5A8003A2CC5 /* DrawHUDContainerUtility.cpp */ = {isa = PBXFileReference; fileEncoding = 4; lastKnownFileType = sourcecode.cpp.cpp; path = DrawHUDContainerUtility.cpp; sourceTree = "<group>"; };
		039FA1201285D5A8003A2CC5 /* DrawHUDContainerUtility.h */ = {isa = PBXFileReference; fileEncoding = 4; lastKnownFileType = sourcecode.c.h; path = DrawHUDContainerUtility.h; sourceTree = "<group>"; };
		03D47B7D1263E27F001755A6 /* dominicus.icns */ = {isa = PBXFileReference; lastKnownFileType = image.icns; path = dominicus.icns; sourceTree = "<group>"; };
		03D8C0781264BEBA00F26DC9 /* licenses */ = {isa = PBXFileReference; lastKnownFileType = folder; path = licenses; sourceTree = "<group>"; };
		03DA5B83127AA286003814F7 /* Camera.cpp */ = {isa = PBXFileReference; fileEncoding = 4; lastKnownFileType = sourcecode.cpp.cpp; path = Camera.cpp; sourceTree = "<group>"; };
		03DA5B84127AA286003814F7 /* Camera.h */ = {isa = PBXFileReference; fileEncoding = 4; lastKnownFileType = sourcecode.c.h; path = Camera.h; sourceTree = "<group>"; };
		03DA5B86127AA312003814F7 /* WorldViewCamera.h */ = {isa = PBXFileReference; fileEncoding = 4; lastKnownFileType = sourcecode.c.h; path = WorldViewCamera.h; sourceTree = "<group>"; };
		03DA5B87127AA312003814F7 /* WorldViewCamera.cpp */ = {isa = PBXFileReference; fileEncoding = 4; lastKnownFileType = sourcecode.cpp.cpp; path = WorldViewCamera.cpp; sourceTree = "<group>"; };
		03DA5BC1127AA7B0003814F7 /* RenderingMaster.h */ = {isa = PBXFileReference; fileEncoding = 4; lastKnownFileType = sourcecode.c.h; path = RenderingMaster.h; sourceTree = "<group>"; };
		03DA5BC2127AA7B0003814F7 /* RenderingMaster.cpp */ = {isa = PBXFileReference; fileEncoding = 4; lastKnownFileType = sourcecode.cpp.cpp; path = RenderingMaster.cpp; sourceTree = "<group>"; };
		03DA5BC8127AA84C003814F7 /* TerrainRenderer.h */ = {isa = PBXFileReference; fileEncoding = 4; lastKnownFileType = sourcecode.c.h; name = TerrainRenderer.h; path = terrain/TerrainRenderer.h; sourceTree = "<group>"; };
		03DA5BC9127AA84C003814F7 /* TerrainRenderer.cpp */ = {isa = PBXFileReference; fileEncoding = 4; lastKnownFileType = sourcecode.cpp.cpp; name = TerrainRenderer.cpp; path = terrain/TerrainRenderer.cpp; sourceTree = "<group>"; };
		03DF59FF12797B4D003C2134 /* DrawingMaster.cpp */ = {isa = PBXFileReference; fileEncoding = 4; lastKnownFileType = sourcecode.cpp.cpp; path = DrawingMaster.cpp; sourceTree = "<group>"; };
		03DF5A0012797B4D003C2134 /* DrawingMaster.h */ = {isa = PBXFileReference; fileEncoding = 4; lastKnownFileType = sourcecode.c.h; path = DrawingMaster.h; sourceTree = "<group>"; };
		03DF5A0312797B4D003C2134 /* SubjectRenderer.cpp */ = {isa = PBXFileReference; fileEncoding = 4; lastKnownFileType = sourcecode.cpp.cpp; path = SubjectRenderer.cpp; sourceTree = "<group>"; };
		03DF5A0412797B4D003C2134 /* SubjectRenderer.h */ = {isa = PBXFileReference; fileEncoding = 4; lastKnownFileType = sourcecode.c.h; path = SubjectRenderer.h; sourceTree = "<group>"; };
		03DF5A0612797B4D003C2134 /* TerrainDevelopment.cpp */ = {isa = PBXFileReference; fileEncoding = 4; lastKnownFileType = sourcecode.cpp.cpp; path = TerrainDevelopment.cpp; sourceTree = "<group>"; };
		03DF5A0712797B4D003C2134 /* TerrainDevelopment.h */ = {isa = PBXFileReference; fileEncoding = 4; lastKnownFileType = sourcecode.c.h; path = TerrainDevelopment.h; sourceTree = "<group>"; };
		03E2C283128444A000F40D33 /* OrthoCamera.cpp */ = {isa = PBXFileReference; fileEncoding = 4; lastKnownFileType = sourcecode.cpp.cpp; path = OrthoCamera.cpp; sourceTree = "<group>"; };
		03E2C284128444A000F40D33 /* OrthoCamera.h */ = {isa = PBXFileReference; fileEncoding = 4; lastKnownFileType = sourcecode.c.h; path = OrthoCamera.h; sourceTree = "<group>"; };
		089C165DFE840E0CC02AAC07 /* English */ = {isa = PBXFileReference; fileEncoding = 4; lastKnownFileType = text.plist.strings; name = English; path = English.lproj/InfoPlist.strings; sourceTree = "<group>"; };
		8D1107310486CEB800E47090 /* dominicus-Info.plist */ = {isa = PBXFileReference; fileEncoding = 4; lastKnownFileType = text.plist.xml; path = "dominicus-Info.plist"; sourceTree = "<group>"; };
/* End PBXFileReference section */

/* Begin PBXFrameworksBuildPhase section */
		8D11072E0486CEB800E47090 /* Frameworks */ = {
			isa = PBXFrameworksBuildPhase;
			buildActionMask = 2147483647;
			files = (
				032B8AD212639A4600DDE564 /* SDL.framework in Frameworks */,
				032B8AE312639AC300DDE564 /* Cocoa.framework in Frameworks */,
				032B8B1612639AED00DDE564 /* OpenGL.framework in Frameworks */,
				030F8F011264DBF300190225 /* libfreetype.a in Frameworks */,
				030F8F301264DC2200190225 /* libz.a in Frameworks */,
			);
			runOnlyForDeploymentPostprocessing = 0;
		};
/* End PBXFrameworksBuildPhase section */

/* Begin PBXGroup section */
		030F8E0F1264C0FF00190225 /* core */ = {
			isa = PBXGroup;
			children = (
				030F8E111264C0FF00190225 /* dominicusMain.h */,
				030F8E101264C0FF00190225 /* dominicusMain.cpp */,
				030F8E7B1264CC2D00190225 /* ProgramLog.h */,
				030F8E7A1264CC2D00190225 /* ProgramLog.cpp */,
				030F8E6A1264CB9400190225 /* SystemInfo.h */,
				030F8E691264CB9400190225 /* SystemInfo.cpp */,
				030F8E1C1264C1F800190225 /* GamePrefs.h */,
				030F8E1B1264C1F800190225 /* GamePrefs.cpp */,
			);
			name = core;
			path = src/core;
			sourceTree = "<group>";
		};
		030F8E121264C0FF00190225 /* platform */ = {
			isa = PBXGroup;
			children = (
				030F8E8B1264CD7700190225 /* Platform.h */,
				038FC1DE12A0EA3A00AE328B /* OpenGLHeaders.h */,
				030F8E131264C0FF00190225 /* macosx */,
			);
			name = platform;
			path = src/platform;
			sourceTree = "<group>";
		};
		030F8E131264C0FF00190225 /* macosx */ = {
			isa = PBXGroup;
			children = (
				030F8E1E1264C3E800190225 /* main.cpp */,
				030F8E8C1264CD8D00190225 /* Platform.cpp */,
				030F8E141264C0FF00190225 /* SDLMain.h */,
				030F8E151264C0FF00190225 /* SDLMain.m */,
			);
			path = macosx;
			sourceTree = "<group>";
		};
		030F8EAE1264CFFC00190225 /* math */ = {
			isa = PBXGroup;
			children = (
				030F8EAF1264CFFC00190225 /* MatrixMath.h */,
				030F8EB01264CFFC00190225 /* ScalarMath.h */,
				030F8EB11264CFFC00190225 /* VectorMath.h */,
			);
			name = math;
			path = src/math;
			sourceTree = "<group>";
		};
		030F8EB41264D05800190225 /* drawing */ = {
			isa = PBXGroup;
			children = (
				03DF5A0012797B4D003C2134 /* DrawingMaster.h */,
				03DF59FF12797B4D003C2134 /* DrawingMaster.cpp */,
				030F91941265152000190225 /* ShaderTools.h */,
				030F91931265152000190225 /* ShaderTools.cpp */,
				0369DE27128588A800355C4E /* splash */,
				035A3D07128429400001E186 /* cursor */,
				03DF59EB1279786E003C2134 /* HUD */,
				03DF5A0112797B4D003C2134 /* rendering */,
				030F8EB51264D05800190225 /* texture */,
				030F8ECC1264D82200190225 /* text */,
			);
			name = drawing;
			path = src/drawing;
			sourceTree = "<group>";
		};
		030F8EB51264D05800190225 /* texture */ = {
			isa = PBXGroup;
			children = (
				030F8EB91264D05800190225 /* Texture.h */,
				030F8EB81264D05800190225 /* Texture.cpp */,
				030F8EB71264D05800190225 /* BMPImage.h */,
				030F8EB61264D05800190225 /* BMPImage.cpp */,
			);
			path = texture;
			sourceTree = "<group>";
		};
		030F8EC41264D4BC00190225 /* geometry */ = {
			isa = PBXGroup;
			children = (
				030F8EC51264D4BC00190225 /* Mesh.h */,
				030DEBFE126CDD1B000D87ED /* DiamondSquare.h */,
				030DEBFF126CDD1B000D87ED /* DiamondSquare.cpp */,
			);
			name = geometry;
			path = src/geometry;
			sourceTree = "<group>";
		};
		030F8ECC1264D82200190225 /* text */ = {
			isa = PBXGroup;
			children = (
				030F8ECE1264D82200190225 /* FontManager.h */,
				030F8ECD1264D82200190225 /* FontManager.cpp */,
				034FEA46129ACA060071B2AA /* TextBlock.h */,
				034FEA47129ACA060071B2AA /* TextBlock.cpp */,
			);
			path = text;
			sourceTree = "<group>";
		};
		030F8F3B1264DD1300190225 /* input */ = {
			isa = PBXGroup;
			children = (
				030F8F3D1264DD1300190225 /* Keyboard.h */,
				030F8F3C1264DD1300190225 /* Keyboard.cpp */,
				035A3DF71284391F0001E186 /* KeyTrap.h */,
				035A3DF81284391F0001E186 /* KeyTrap.cpp */,
				035A3C4412841B390001E186 /* Mouse.h */,
				035A3C4512841B390001E186 /* Mouse.cpp */,
			);
			name = input;
			path = src/input;
			sourceTree = "<group>";
		};
		030F8F6C1264E10500190225 /* windowing */ = {
			isa = PBXGroup;
			children = (
				035F1E4412A358FB008DA566 /* GameWindow.h */,
				035F1E4312A358FB008DA566 /* GameWindow.cpp */,
			);
			name = windowing;
			path = src/windowing;
			sourceTree = "<group>";
		};
		032B8AE812639AC900DDE564 /* frameworks */ = {
			isa = PBXGroup;
			children = (
				032B8AE212639AC300DDE564 /* Cocoa.framework */,
				032B8B1512639AED00DDE564 /* OpenGL.framework */,
				032B8AD112639A4600DDE564 /* SDL.framework */,
				030F8F001264DBF300190225 /* libfreetype.a */,
				030F8F2F1264DC2200190225 /* libz.a */,
			);
			name = frameworks;
			sourceTree = "<group>";
		};
		035A3D07128429400001E186 /* cursor */ = {
			isa = PBXGroup;
			children = (
				035A3D041284293A0001E186 /* DrawCursor.h */,
				035A3D051284293A0001E186 /* DrawCursor.cpp */,
			);
			name = cursor;
			sourceTree = "<group>";
		};
		035AB02F127577B1006257C1 /* state */ = {
			isa = PBXGroup;
			children = (
				0353D4B8127B0A43002340BF /* Terrain.h */,
				0353D4B9127B0A43002340BF /* Terrain.cpp */,
			);
			name = state;
			sourceTree = "<group>";
		};
		0369DE27128588A800355C4E /* splash */ = {
			isa = PBXGroup;
			children = (
				0369DE28128588C000355C4E /* SplashBackground.h */,
				0369DE29128588C000355C4E /* SplashBackground.cpp */,
			);
			name = splash;
			sourceTree = "<group>";
		};
		036A4D2012757E5F00CEED79 /* UI */ = {
			isa = PBXGroup;
			children = (
				036A4D2212757E5F00CEED79 /* Console.h */,
				036A4D2112757E5F00CEED79 /* Console.cpp */,
			);
			name = UI;
			path = src/UI;
			sourceTree = "<group>";
		};
		0388867B12A0D2AF0079CBB3 /* console */ = {
			isa = PBXGroup;
			children = (
				0388867D12A0D2AF0079CBB3 /* DrawConsole.h */,
				0388867C12A0D2AF0079CBB3 /* DrawConsole.cpp */,
			);
			path = console;
			sourceTree = "<group>";
		};
		0388867F12A0D2B80079CBB3 /* infobox */ = {
			isa = PBXGroup;
			children = (
				0388868112A0D2B80079CBB3 /* DrawInfoBox.h */,
				0388868012A0D2B80079CBB3 /* DrawInfoBox.cpp */,
			);
			path = infobox;
			sourceTree = "<group>";
		};
		03DA5B82127AA286003814F7 /* cameras */ = {
			isa = PBXGroup;
			children = (
				03DA5B84127AA286003814F7 /* Camera.h */,
				03DA5B83127AA286003814F7 /* Camera.cpp */,
				03E2C284128444A000F40D33 /* OrthoCamera.h */,
				03E2C283128444A000F40D33 /* OrthoCamera.cpp */,
				03DA5B86127AA312003814F7 /* WorldViewCamera.h */,
				03DA5B87127AA312003814F7 /* WorldViewCamera.cpp */,
			);
			path = cameras;
			sourceTree = "<group>";
		};
		03DA5C15127AAEDB003814F7 /* terrain */ = {
			isa = PBXGroup;
			children = (
				03DA5BC8127AA84C003814F7 /* TerrainRenderer.h */,
				03DA5BC9127AA84C003814F7 /* TerrainRenderer.cpp */,
			);
			name = terrain;
			sourceTree = "<group>";
		};
		03DF59EB1279786E003C2134 /* HUD */ = {
			isa = PBXGroup;
			children = (
				0369DEA41285964500355C4E /* DrawHUD.h */,
				0369DEA31285964500355C4E /* DrawHUD.cpp */,
				0369DF0B1285ABA600355C4E /* HUDElement.h */,
				0369DF081285AB9400355C4E /* HUDArrangement.h */,
				032B9B9F129A94BD00E5F5FB /* HUDArrangement.cpp */,
				039FA1201285D5A8003A2CC5 /* DrawHUDContainerUtility.h */,
				039FA11F1285D5A8003A2CC5 /* DrawHUDContainerUtility.cpp */,
				036E68BE128831880084C49C /* DrawHUDEnclosure.h */,
				036E68BF128831880084C49C /* DrawHUDEnclosure.cpp */,
				0388867B12A0D2AF0079CBB3 /* console */,
				0388867F12A0D2B80079CBB3 /* infobox */,
			);
			path = HUD;
			sourceTree = "<group>";
		};
		03DF5A0112797B4D003C2134 /* rendering */ = {
			isa = PBXGroup;
			children = (
				03DA5BC1127AA7B0003814F7 /* RenderingMaster.h */,
				03DA5BC2127AA7B0003814F7 /* RenderingMaster.cpp */,
				03DA5B82127AA286003814F7 /* cameras */,
				03DF5A0212797B4D003C2134 /* ship */,
				03DA5C15127AAEDB003814F7 /* terrain */,
				03DF5A0512797B4D003C2134 /* testing */,
			);
			path = rendering;
			sourceTree = "<group>";
		};
		03DF5A0212797B4D003C2134 /* ship */ = {
			isa = PBXGroup;
			children = (
				03DF5A0412797B4D003C2134 /* SubjectRenderer.h */,
				03DF5A0312797B4D003C2134 /* SubjectRenderer.cpp */,
			);
			path = ship;
			sourceTree = "<group>";
		};
		03DF5A0512797B4D003C2134 /* testing */ = {
			isa = PBXGroup;
			children = (
				03DF5A0712797B4D003C2134 /* TerrainDevelopment.h */,
				03DF5A0612797B4D003C2134 /* TerrainDevelopment.cpp */,
			);
			path = testing;
			sourceTree = "<group>";
		};
		29B97314FDCFA39411CA2CEA /* dominicus */ = {
			isa = PBXGroup;
			children = (
				030F8E0F1264C0FF00190225 /* core */,
				030F8E121264C0FF00190225 /* platform */,
				030F8EAE1264CFFC00190225 /* math */,
				030F8EC41264D4BC00190225 /* geometry */,
				035AB02F127577B1006257C1 /* state */,
				030F8F6C1264E10500190225 /* windowing */,
				030F8F3B1264DD1300190225 /* input */,
				036A4D2012757E5F00CEED79 /* UI */,
				030F8EB41264D05800190225 /* drawing */,
				032B8B351263DF5900DDE564 /* README.txt */,
				030F8DE31264BFAA00190225 /* TODO.txt */,
				032B8B341263DF5900DDE564 /* CODEFORMATTING.txt */,
				8D1107310486CEB800E47090 /* dominicus-Info.plist */,
				089C165CFE840E0CC02AAC07 /* InfoPlist.strings */,
				03D47B7D1263E27F001755A6 /* dominicus.icns */,
				03D8C0781264BEBA00F26DC9 /* licenses */,
				030F8DEC1264C00100190225 /* shaders */,
				030F8DEF1264C01100190225 /* data */,
				032B8AE812639AC900DDE564 /* frameworks */,
				032B8AB21263982C00DDE564 /* dominicus.app */,
			);
			name = dominicus;
			sourceTree = "<group>";
		};
/* End PBXGroup section */

/* Begin PBXNativeTarget section */
		8D1107260486CEB800E47090 /* dominicus */ = {
			isa = PBXNativeTarget;
			buildConfigurationList = C01FCF4A08A954540054247B /* Build configuration list for PBXNativeTarget "dominicus" */;
			buildPhases = (
				8D1107290486CEB800E47090 /* Resources */,
				8D11072C0486CEB800E47090 /* Sources */,
				8D11072E0486CEB800E47090 /* Frameworks */,
				0353D835127BB696002340BF /* Copy Frameworks */,
			);
			buildRules = (
			);
			dependencies = (
			);
			name = dominicus;
			productInstallPath = "$(HOME)/Applications";
			productName = dominicus;
			productReference = 032B8AB21263982C00DDE564 /* dominicus.app */;
			productType = "com.apple.product-type.application";
		};
/* End PBXNativeTarget section */

/* Begin PBXProject section */
		29B97313FDCFA39411CA2CEA /* Project object */ = {
			isa = PBXProject;
			attributes = {
				ORGANIZATIONNAME = "Joshua Bodine";
			};
			buildConfigurationList = C01FCF4E08A954540054247B /* Build configuration list for PBXProject "dominicus" */;
			compatibilityVersion = "Xcode 3.1";
			hasScannedForEncodings = 1;
			mainGroup = 29B97314FDCFA39411CA2CEA /* dominicus */;
			productRefGroup = 29B97314FDCFA39411CA2CEA /* dominicus */;
			projectDirPath = "";
			projectRoot = "";
			targets = (
				8D1107260486CEB800E47090 /* dominicus */,
			);
		};
/* End PBXProject section */

/* Begin PBXResourcesBuildPhase section */
		8D1107290486CEB800E47090 /* Resources */ = {
			isa = PBXResourcesBuildPhase;
			buildActionMask = 2147483647;
			files = (
				8D11072B0486CEB800E47090 /* InfoPlist.strings in Resources */,
				032B8B361263DF5900DDE564 /* CODEFORMATTING.txt in Resources */,
				032B8B371263DF5900DDE564 /* README.txt in Resources */,
				03D47B7E1263E27F001755A6 /* dominicus.icns in Resources */,
				03D8C07D1264BEBA00F26DC9 /* licenses in Resources */,
				030F8DE41264BFAA00190225 /* TODO.txt in Resources */,
				030F8DEE1264C00100190225 /* shaders in Resources */,
				030F8E021264C01100190225 /* data in Resources */,
			);
			runOnlyForDeploymentPostprocessing = 0;
		};
/* End PBXResourcesBuildPhase section */

/* Begin PBXSourcesBuildPhase section */
		8D11072C0486CEB800E47090 /* Sources */ = {
			isa = PBXSourcesBuildPhase;
			buildActionMask = 2147483647;
			files = (
				030F8E161264C0FF00190225 /* dominicusMain.cpp in Sources */,
				030F8E171264C0FF00190225 /* SDLMain.m in Sources */,
				030F8E1D1264C1F800190225 /* GamePrefs.cpp in Sources */,
				030F8E1F1264C3E800190225 /* main.cpp in Sources */,
				030F8E6B1264CB9400190225 /* SystemInfo.cpp in Sources */,
				030F8E7C1264CC2D00190225 /* ProgramLog.cpp in Sources */,
				030F8E8D1264CD8D00190225 /* Platform.cpp in Sources */,
				030F8EBA1264D05800190225 /* BMPImage.cpp in Sources */,
				030F8EBB1264D05800190225 /* Texture.cpp in Sources */,
				030F8ECF1264D82200190225 /* FontManager.cpp in Sources */,
				030F8F3E1264DD1300190225 /* Keyboard.cpp in Sources */,
				030F91991265152000190225 /* ShaderTools.cpp in Sources */,
				030DEC00126CDD1B000D87ED /* DiamondSquare.cpp in Sources */,
				03DF5A0812797B4D003C2134 /* DrawingMaster.cpp in Sources */,
				03DA5B85127AA286003814F7 /* Camera.cpp in Sources */,
				03DA5B88127AA312003814F7 /* WorldViewCamera.cpp in Sources */,
				03DA5BC3127AA7B0003814F7 /* RenderingMaster.cpp in Sources */,
				03DA5BCA127AA84C003814F7 /* TerrainRenderer.cpp in Sources */,
				0353D4BA127B0A43002340BF /* Terrain.cpp in Sources */,
				035A3C4612841B390001E186 /* Mouse.cpp in Sources */,
				035A3D061284293A0001E186 /* DrawCursor.cpp in Sources */,
				035A3DF91284391F0001E186 /* KeyTrap.cpp in Sources */,
				03E2C285128444A000F40D33 /* OrthoCamera.cpp in Sources */,
				0369DEE41285A28600355C4E /* DrawHUD.cpp in Sources */,
				039FA1211285D5A8003A2CC5 /* DrawHUDContainerUtility.cpp in Sources */,
				036E68C0128831880084C49C /* DrawHUDEnclosure.cpp in Sources */,
				032B9BA0129A94BD00E5F5FB /* HUDArrangement.cpp in Sources */,
				034FEA48129ACA060071B2AA /* TextBlock.cpp in Sources */,
				0388867E12A0D2AF0079CBB3 /* DrawConsole.cpp in Sources */,
				0388868212A0D2B80079CBB3 /* DrawInfoBox.cpp in Sources */,
				035F1E4512A358FB008DA566 /* GameWindow.cpp in Sources */,
			);
			runOnlyForDeploymentPostprocessing = 0;
		};
/* End PBXSourcesBuildPhase section */

/* Begin PBXVariantGroup section */
		089C165CFE840E0CC02AAC07 /* InfoPlist.strings */ = {
			isa = PBXVariantGroup;
			children = (
				089C165DFE840E0CC02AAC07 /* English */,
			);
			name = InfoPlist.strings;
			sourceTree = "<group>";
		};
/* End PBXVariantGroup section */

/* Begin XCBuildConfiguration section */
		C01FCF4B08A954540054247B /* Debug */ = {
			isa = XCBuildConfiguration;
			buildSettings = {
				ALWAYS_SEARCH_USER_PATHS = NO;
				COPY_PHASE_STRIP = NO;
				GCC_DYNAMIC_NO_PIC = NO;
				GCC_ENABLE_FIX_AND_CONTINUE = YES;
				GCC_MODEL_TUNING = G5;
				GCC_OPTIMIZATION_LEVEL = 0;
				GCC_PRECOMPILE_PREFIX_HEADER = NO;
				GCC_PREFIX_HEADER = "";
				HEADER_SEARCH_PATHS = "/usr/local/include/**";
				INFOPLIST_FILE = "dominicus-Info.plist";
				INSTALL_PATH = "$(HOME)/Applications";
				LIBRARY_SEARCH_PATHS = /usr/local/lib;
				PRODUCT_NAME = dominicus;
			};
			name = Debug;
		};
		C01FCF4C08A954540054247B /* Release */ = {
			isa = XCBuildConfiguration;
			buildSettings = {
				ALWAYS_SEARCH_USER_PATHS = NO;
				DEBUG_INFORMATION_FORMAT = "dwarf-with-dsym";
				GCC_MODEL_TUNING = G5;
				GCC_PRECOMPILE_PREFIX_HEADER = NO;
				GCC_PREFIX_HEADER = "";
				HEADER_SEARCH_PATHS = "/usr/local/include/**";
				INFOPLIST_FILE = "dominicus-Info.plist";
				INSTALL_PATH = "$(HOME)/Applications";
				LIBRARY_SEARCH_PATHS = /usr/local/lib;
				PRODUCT_NAME = dominicus;
			};
			name = Release;
		};
		C01FCF4F08A954540054247B /* Debug */ = {
			isa = XCBuildConfiguration;
			buildSettings = {
				ARCHS = "$(ARCHS_STANDARD_32_64_BIT)";
				GCC_C_LANGUAGE_STANDARD = gnu99;
				GCC_OPTIMIZATION_LEVEL = 0;
				GCC_WARN_ABOUT_RETURN_TYPE = YES;
				GCC_WARN_UNUSED_VARIABLE = YES;
				ONLY_ACTIVE_ARCH = YES;
				PREBINDING = NO;
				SDKROOT = macosx10.6;
			};
			name = Debug;
		};
		C01FCF5008A954540054247B /* Release */ = {
			isa = XCBuildConfiguration;
			buildSettings = {
				ARCHS = "$(ARCHS_STANDARD_32_64_BIT)";
				GCC_C_LANGUAGE_STANDARD = gnu99;
				GCC_WARN_ABOUT_RETURN_TYPE = YES;
				GCC_WARN_UNUSED_VARIABLE = YES;
				PREBINDING = NO;
				SDKROOT = macosx10.6;
			};
			name = Release;
		};
/* End XCBuildConfiguration section */

/* Begin XCConfigurationList section */
		C01FCF4A08A954540054247B /* Build configuration list for PBXNativeTarget "dominicus" */ = {
			isa = XCConfigurationList;
			buildConfigurations = (
				C01FCF4B08A954540054247B /* Debug */,
				C01FCF4C08A954540054247B /* Release */,
			);
			defaultConfigurationIsVisible = 0;
			defaultConfigurationName = Release;
		};
		C01FCF4E08A954540054247B /* Build configuration list for PBXProject "dominicus" */ = {
			isa = XCConfigurationList;
			buildConfigurations = (
				C01FCF4F08A954540054247B /* Debug */,
				C01FCF5008A954540054247B /* Release */,
			);
			defaultConfigurationIsVisible = 0;
			defaultConfigurationName = Release;
		};
/* End XCConfigurationList section */
	};
	rootObject = 29B97313FDCFA39411CA2CEA /* Project object */;
}
