// !$*UTF8*$!
{
	archiveVersion = 1;
	classes = {
	};
	objectVersion = 45;
	objects = {

/* Begin PBXBuildFile section */
		032B8AD212639A4600DDE564 /* SDL.framework in Frameworks */ = {isa = PBXBuildFile; fileRef = 032B8AD112639A4600DDE564 /* SDL.framework */; };
		032B8AE312639AC300DDE564 /* Cocoa.framework in Frameworks */ = {isa = PBXBuildFile; fileRef = 032B8AE212639AC300DDE564 /* Cocoa.framework */; };
		032B8B1612639AED00DDE564 /* OpenGL.framework in Frameworks */ = {isa = PBXBuildFile; fileRef = 032B8B1512639AED00DDE564 /* OpenGL.framework */; };
		032B8B361263DF5900DDE564 /* CODEFORMATTING.txt in Resources */ = {isa = PBXBuildFile; fileRef = 032B8B341263DF5900DDE564 /* CODEFORMATTING.txt */; };
		032B8B371263DF5900DDE564 /* README.txt in Resources */ = {isa = PBXBuildFile; fileRef = 032B8B351263DF5900DDE564 /* README.txt */; };
		03D47B7E1263E27F001755A6 /* dominicus.icns in Resources */ = {isa = PBXBuildFile; fileRef = 03D47B7D1263E27F001755A6 /* dominicus.icns */; };
		8D11072B0486CEB800E47090 /* InfoPlist.strings in Resources */ = {isa = PBXBuildFile; fileRef = 089C165CFE840E0CC02AAC07 /* InfoPlist.strings */; };
/* End PBXBuildFile section */

/* Begin PBXFileReference section */
		032B8AB21263982C00DDE564 /* dominicus.app */ = {isa = PBXFileReference; explicitFileType = wrapper.application; includeInIndex = 0; path = dominicus.app; sourceTree = BUILT_PRODUCTS_DIR; };
		032B8AD112639A4600DDE564 /* SDL.framework */ = {isa = PBXFileReference; lastKnownFileType = wrapper.framework; name = SDL.framework; path = Library/Frameworks/SDL.framework; sourceTree = SDKROOT; };
		032B8AE212639AC300DDE564 /* Cocoa.framework */ = {isa = PBXFileReference; lastKnownFileType = wrapper.framework; name = Cocoa.framework; path = System/Library/Frameworks/Cocoa.framework; sourceTree = SDKROOT; };
		032B8B1512639AED00DDE564 /* OpenGL.framework */ = {isa = PBXFileReference; lastKnownFileType = wrapper.framework; name = OpenGL.framework; path = System/Library/Frameworks/OpenGL.framework; sourceTree = SDKROOT; };
		032B8B341263DF5900DDE564 /* CODEFORMATTING.txt */ = {isa = PBXFileReference; fileEncoding = 4; lastKnownFileType = text; path = CODEFORMATTING.txt; sourceTree = "<group>"; };
		032B8B351263DF5900DDE564 /* README.txt */ = {isa = PBXFileReference; fileEncoding = 4; lastKnownFileType = text; path = README.txt; sourceTree = "<group>"; };
		03D47B7D1263E27F001755A6 /* dominicus.icns */ = {isa = PBXFileReference; lastKnownFileType = image.icns; path = dominicus.icns; sourceTree = "<group>"; };
		089C165DFE840E0CC02AAC07 /* English */ = {isa = PBXFileReference; fileEncoding = 4; lastKnownFileType = text.plist.strings; name = English; path = English.lproj/InfoPlist.strings; sourceTree = "<group>"; };
		8D1107310486CEB800E47090 /* dominicus-Info.plist */ = {isa = PBXFileReference; fileEncoding = 4; lastKnownFileType = text.plist.xml; path = "dominicus-Info.plist"; sourceTree = "<group>"; };
/* End PBXFileReference section */

/* Begin PBXFrameworksBuildPhase section */
		8D11072E0486CEB800E47090 /* Frameworks */ = {
			isa = PBXFrameworksBuildPhase;
			buildActionMask = 2147483647;
			files = (
				032B8AD212639A4600DDE564 /* SDL.framework in Frameworks */,
				032B8AE312639AC300DDE564 /* Cocoa.framework in Frameworks */,
				032B8B1612639AED00DDE564 /* OpenGL.framework in Frameworks */,
			);
			runOnlyForDeploymentPostprocessing = 0;
		};
/* End PBXFrameworksBuildPhase section */

/* Begin PBXGroup section */
		032B8AE812639AC900DDE564 /* frameworks */ = {
			isa = PBXGroup;
			children = (
				032B8AE212639AC300DDE564 /* Cocoa.framework */,
				032B8B1512639AED00DDE564 /* OpenGL.framework */,
				032B8AD112639A4600DDE564 /* SDL.framework */,
			);
			name = frameworks;
			sourceTree = "<group>";
		};
		29B97314FDCFA39411CA2CEA /* dominicus */ = {
			isa = PBXGroup;
			children = (
				032B8B351263DF5900DDE564 /* README.txt */,
				032B8B341263DF5900DDE564 /* CODEFORMATTING.txt */,
				8D1107310486CEB800E47090 /* dominicus-Info.plist */,
				089C165CFE840E0CC02AAC07 /* InfoPlist.strings */,
				03D47B7D1263E27F001755A6 /* dominicus.icns */,
				032B8AE812639AC900DDE564 /* frameworks */,
				032B8AB21263982C00DDE564 /* dominicus.app */,
			);
			name = dominicus;
			sourceTree = "<group>";
		};
/* End PBXGroup section */

/* Begin PBXNativeTarget section */
		8D1107260486CEB800E47090 /* dominicus */ = {
			isa = PBXNativeTarget;
			buildConfigurationList = C01FCF4A08A954540054247B /* Build configuration list for PBXNativeTarget "dominicus" */;
			buildPhases = (
				8D1107290486CEB800E47090 /* Resources */,
				8D11072C0486CEB800E47090 /* Sources */,
				8D11072E0486CEB800E47090 /* Frameworks */,
			);
			buildRules = (
			);
			dependencies = (
			);
			name = dominicus;
			productInstallPath = "$(HOME)/Applications";
			productName = dominicus;
			productReference = 032B8AB21263982C00DDE564 /* dominicus.app */;
			productType = "com.apple.product-type.application";
		};
/* End PBXNativeTarget section */

/* Begin PBXProject section */
		29B97313FDCFA39411CA2CEA /* Project object */ = {
			isa = PBXProject;
			attributes = {
				ORGANIZATIONNAME = "Joshua Bodine";
			};
			buildConfigurationList = C01FCF4E08A954540054247B /* Build configuration list for PBXProject "dominicus" */;
			compatibilityVersion = "Xcode 3.1";
			hasScannedForEncodings = 1;
			mainGroup = 29B97314FDCFA39411CA2CEA /* dominicus */;
			productRefGroup = 29B97314FDCFA39411CA2CEA /* dominicus */;
			projectDirPath = "";
			projectRoot = "";
			targets = (
				8D1107260486CEB800E47090 /* dominicus */,
			);
		};
/* End PBXProject section */

/* Begin PBXResourcesBuildPhase section */
		8D1107290486CEB800E47090 /* Resources */ = {
			isa = PBXResourcesBuildPhase;
			buildActionMask = 2147483647;
			files = (
				8D11072B0486CEB800E47090 /* InfoPlist.strings in Resources */,
				032B8B361263DF5900DDE564 /* CODEFORMATTING.txt in Resources */,
				032B8B371263DF5900DDE564 /* README.txt in Resources */,
				03D47B7E1263E27F001755A6 /* dominicus.icns in Resources */,
			);
			runOnlyForDeploymentPostprocessing = 0;
		};
/* End PBXResourcesBuildPhase section */

/* Begin PBXSourcesBuildPhase section */
		8D11072C0486CEB800E47090 /* Sources */ = {
			isa = PBXSourcesBuildPhase;
			buildActionMask = 2147483647;
			files = (
			);
			runOnlyForDeploymentPostprocessing = 0;
		};
/* End PBXSourcesBuildPhase section */

/* Begin PBXVariantGroup section */
		089C165CFE840E0CC02AAC07 /* InfoPlist.strings */ = {
			isa = PBXVariantGroup;
			children = (
				089C165DFE840E0CC02AAC07 /* English */,
			);
			name = InfoPlist.strings;
			sourceTree = "<group>";
		};
/* End PBXVariantGroup section */

/* Begin XCBuildConfiguration section */
		C01FCF4B08A954540054247B /* Debug */ = {
			isa = XCBuildConfiguration;
			buildSettings = {
				ALWAYS_SEARCH_USER_PATHS = NO;
				COPY_PHASE_STRIP = NO;
				GCC_DYNAMIC_NO_PIC = NO;
				GCC_ENABLE_FIX_AND_CONTINUE = YES;
				GCC_MODEL_TUNING = G5;
				GCC_OPTIMIZATION_LEVEL = 0;
				GCC_PRECOMPILE_PREFIX_HEADER = NO;
				GCC_PREFIX_HEADER = "";
				INFOPLIST_FILE = "dominicus-Info.plist";
				INSTALL_PATH = "$(HOME)/Applications";
				PRODUCT_NAME = dominicus;
			};
			name = Debug;
		};
		C01FCF4C08A954540054247B /* Release */ = {
			isa = XCBuildConfiguration;
			buildSettings = {
				ALWAYS_SEARCH_USER_PATHS = NO;
				DEBUG_INFORMATION_FORMAT = "dwarf-with-dsym";
				GCC_MODEL_TUNING = G5;
				GCC_PRECOMPILE_PREFIX_HEADER = NO;
				GCC_PREFIX_HEADER = "";
				INFOPLIST_FILE = "dominicus-Info.plist";
				INSTALL_PATH = "$(HOME)/Applications";
				PRODUCT_NAME = dominicus;
			};
			name = Release;
		};
		C01FCF4F08A954540054247B /* Debug */ = {
			isa = XCBuildConfiguration;
			buildSettings = {
				ARCHS = "$(ARCHS_STANDARD_32_64_BIT)";
				GCC_C_LANGUAGE_STANDARD = gnu99;
				GCC_OPTIMIZATION_LEVEL = 0;
				GCC_WARN_ABOUT_RETURN_TYPE = YES;
				GCC_WARN_UNUSED_VARIABLE = YES;
				ONLY_ACTIVE_ARCH = YES;
				PREBINDING = NO;
				SDKROOT = macosx10.6;
			};
			name = Debug;
		};
		C01FCF5008A954540054247B /* Release */ = {
			isa = XCBuildConfiguration;
			buildSettings = {
				ARCHS = "$(ARCHS_STANDARD_32_64_BIT)";
				GCC_C_LANGUAGE_STANDARD = gnu99;
				GCC_WARN_ABOUT_RETURN_TYPE = YES;
				GCC_WARN_UNUSED_VARIABLE = YES;
				PREBINDING = NO;
				SDKROOT = macosx10.6;
			};
			name = Release;
		};
/* End XCBuildConfiguration section */

/* Begin XCConfigurationList section */
		C01FCF4A08A954540054247B /* Build configuration list for PBXNativeTarget "dominicus" */ = {
			isa = XCConfigurationList;
			buildConfigurations = (
				C01FCF4B08A954540054247B /* Debug */,
				C01FCF4C08A954540054247B /* Release */,
			);
			defaultConfigurationIsVisible = 0;
			defaultConfigurationName = Release;
		};
		C01FCF4E08A954540054247B /* Build configuration list for PBXProject "dominicus" */ = {
			isa = XCConfigurationList;
			buildConfigurations = (
				C01FCF4F08A954540054247B /* Debug */,
				C01FCF5008A954540054247B /* Release */,
			);
			defaultConfigurationIsVisible = 0;
			defaultConfigurationName = Release;
		};
/* End XCConfigurationList section */
	};
	rootObject = 29B97313FDCFA39411CA2CEA /* Project object */;
}
