// !$*UTF8*$!
{
	archiveVersion = 1;
	classes = {
	};
	objectVersion = 46;
	objects = {

/* Begin PBXBuildFile section */
		0303173213204F1F009B9AFD /* GameLogic.cpp in Sources */ = {isa = PBXBuildFile; fileRef = 0303173013204F1F009B9AFD /* GameLogic.cpp */; };
		0315B60B134C2AB8002AD1CE /* UILayoutAuthority.cpp in Sources */ = {isa = PBXBuildFile; fileRef = 0315B609134C2AB8002AD1CE /* UILayoutAuthority.cpp */; };
		0315B631134C2CF7002AD1CE /* Schemes.cpp in Sources */ = {isa = PBXBuildFile; fileRef = 0315B630134C2CF7002AD1CE /* Schemes.cpp */; };
		0330C498133A2AB6006199BE /* TextBlock.cpp in Sources */ = {isa = PBXBuildFile; fileRef = 03BB9B83131F3F50009DFC8B /* TextBlock.cpp */; };
		0353219118C931EF002FC13A /* Cocoa.framework in Frameworks */ = {isa = PBXBuildFile; fileRef = 0353219018C931EF002FC13A /* Cocoa.framework */; };
		0353219318C93204002FC13A /* OpenGL.framework in Frameworks */ = {isa = PBXBuildFile; fileRef = 0353219218C93204002FC13A /* OpenGL.framework */; };
		0353219518C93216002FC13A /* SDL.framework in Frameworks */ = {isa = PBXBuildFile; fileRef = 0353219418C93216002FC13A /* SDL.framework */; };
		0353219718C93238002FC13A /* libz.1.2.5.dylib in Frameworks */ = {isa = PBXBuildFile; fileRef = 0353219618C93238002FC13A /* libz.1.2.5.dylib */; };
		0353219918C934A7002FC13A /* libbz2.1.0.dylib in Frameworks */ = {isa = PBXBuildFile; fileRef = 0353219818C934A7002FC13A /* libbz2.1.0.dylib */; };
		0353219B18C93516002FC13A /* libpng16.a in Frameworks */ = {isa = PBXBuildFile; fileRef = 0353219A18C93516002FC13A /* libpng16.a */; };
		0353219C18C936C9002FC13A /* SDL.framework in CopyFiles */ = {isa = PBXBuildFile; fileRef = 0353219418C93216002FC13A /* SDL.framework */; };
		035466601912C17200F4953E /* DrawButton.cpp in Sources */ = {isa = PBXBuildFile; fileRef = 0354664B1912C17200F4953E /* DrawButton.cpp */; };
		035466611912C17200F4953E /* DrawContainer.cpp in Sources */ = {isa = PBXBuildFile; fileRef = 0354664D1912C17200F4953E /* DrawContainer.cpp */; };
		035466621912C17200F4953E /* DrawControlBox.cpp in Sources */ = {isa = PBXBuildFile; fileRef = 0354664F1912C17200F4953E /* DrawControlBox.cpp */; };
		035466631912C17200F4953E /* DrawField.cpp in Sources */ = {isa = PBXBuildFile; fileRef = 035466511912C17200F4953E /* DrawField.cpp */; };
		035466641912C17200F4953E /* DrawGrayOut.cpp in Sources */ = {isa = PBXBuildFile; fileRef = 035466531912C17200F4953E /* DrawGrayOut.cpp */; };
		035466651912C17200F4953E /* DrawLabel.cpp in Sources */ = {isa = PBXBuildFile; fileRef = 035466551912C17200F4953E /* DrawLabel.cpp */; };
		035466661912C17200F4953E /* DrawProgressBar.cpp in Sources */ = {isa = PBXBuildFile; fileRef = 035466571912C17200F4953E /* DrawProgressBar.cpp */; };
		035466671912C17200F4953E /* DrawRadar.cpp in Sources */ = {isa = PBXBuildFile; fileRef = 035466591912C17200F4953E /* DrawRadar.cpp */; };
		035466681912C17200F4953E /* DrawSplash.cpp in Sources */ = {isa = PBXBuildFile; fileRef = 0354665B1912C17200F4953E /* DrawSplash.cpp */; };
		035466691912C17200F4953E /* DrawTexture.cpp in Sources */ = {isa = PBXBuildFile; fileRef = 0354665D1912C17200F4953E /* DrawTexture.cpp */; };
		03590F84131E446000EDF7A7 /* GameSystem.cpp in Sources */ = {isa = PBXBuildFile; fileRef = 03590EED131E181C00EDF7A7 /* GameSystem.cpp */; };
		036C99671915C49B00776051 /* DrawGaugePanel.cpp in Sources */ = {isa = PBXBuildFile; fileRef = 036C99641915AD1A00776051 /* DrawGaugePanel.cpp */; };
		036CFFE118EB5D4800C1B797 /* Camera.cpp in Sources */ = {isa = PBXBuildFile; fileRef = 036CFFDF18EB5D4800C1B797 /* Camera.cpp */; };
		0387C28D18F3E2A300565A43 /* GameAudio.cpp in Sources */ = {isa = PBXBuildFile; fileRef = 0387C28B18F3E2A300565A43 /* GameAudio.cpp */; };
		03ACFE4918FCD8C200A6B447 /* ShipRenderer.cpp in Sources */ = {isa = PBXBuildFile; fileRef = 03ACFE4118FCD8C200A6B447 /* ShipRenderer.cpp */; };
		03ACFE4A18FCD8C200A6B447 /* SkyRenderer.cpp in Sources */ = {isa = PBXBuildFile; fileRef = 03ACFE4318FCD8C200A6B447 /* SkyRenderer.cpp */; };
		03ACFE4B18FCD8C200A6B447 /* TerrainRenderer.cpp in Sources */ = {isa = PBXBuildFile; fileRef = 03ACFE4518FCD8C200A6B447 /* TerrainRenderer.cpp */; };
		03ACFE4C18FCD8C200A6B447 /* WaterRenderer.cpp in Sources */ = {isa = PBXBuildFile; fileRef = 03ACFE4718FCD8C200A6B447 /* WaterRenderer.cpp */; };
		03BB9B9B131F3F50009DFC8B /* GameGraphics.cpp in Sources */ = {isa = PBXBuildFile; fileRef = 03BB9B7E131F3F50009DFC8B /* GameGraphics.cpp */; };
		03BB9D26131F5D39009DFC8B /* Texture.cpp in Sources */ = {isa = PBXBuildFile; fileRef = 03BB9B88131F3F50009DFC8B /* Texture.cpp */; };
		03BC5B001339F19900DD3F04 /* FontManager.cpp in Sources */ = {isa = PBXBuildFile; fileRef = 03BB9B81131F3F50009DFC8B /* FontManager.cpp */; };
		03C806CC130E500D0037D309 /* InfoPlist.strings in Resources */ = {isa = PBXBuildFile; fileRef = 089C165CFE840E0CC02AAC07 /* InfoPlist.strings */; };
		03C806CD130E50140037D309 /* crucible island.icns in Resources */ = {isa = PBXBuildFile; fileRef = 03D47B7D1263E27F001755A6 /* crucible island.icns */; };
		03C806CE130E50340037D309 /* shaders in Resources */ = {isa = PBXBuildFile; fileRef = 030F8DEC1264C00100190225 /* shaders */; };
		03C806CF130E50340037D309 /* data in Resources */ = {isa = PBXBuildFile; fileRef = 030F8DEF1264C01100190225 /* data */; };
		03C806D5130E509E0037D309 /* Platform.cpp in Sources */ = {isa = PBXBuildFile; fileRef = 030F8E8C1264CD8D00190225 /* Platform.cpp */; };
		03C806D6130E509F0037D309 /* InputHandler.cpp in Sources */ = {isa = PBXBuildFile; fileRef = 030D18BF12D0792200DA9B7B /* InputHandler.cpp */; };
		03C806DC130E50A60037D309 /* Keyboard.cpp in Sources */ = {isa = PBXBuildFile; fileRef = 030F8F3C1264DD1300190225 /* Keyboard.cpp */; };
		03C806DF130E50A90037D309 /* dominicusMain.cpp in Sources */ = {isa = PBXBuildFile; fileRef = 030F8E101264C0FF00190225 /* dominicusMain.cpp */; };
		03C806E3130E50AD0037D309 /* MainLoopMember.cpp in Sources */ = {isa = PBXBuildFile; fileRef = 035E0E7612DCE54D00F84121 /* MainLoopMember.cpp */; };
		03C806E9130E50B30037D309 /* DiamondSquare.cpp in Sources */ = {isa = PBXBuildFile; fileRef = 030DEBFF126CDD1B000D87ED /* DiamondSquare.cpp */; };
		03C806F7130E50D00037D309 /* Mouse.cpp in Sources */ = {isa = PBXBuildFile; fileRef = 035A3C4512841B390001E186 /* Mouse.cpp */; };
		03C80701130E50D90037D309 /* main.cpp in Sources */ = {isa = PBXBuildFile; fileRef = 030F8E1E1264C3E800190225 /* main.cpp */; };
		03C80756130E51C20037D309 /* libfreetype.a in Frameworks */ = {isa = PBXBuildFile; fileRef = 030F8F001264DBF300190225 /* libfreetype.a */; };
		03C8075E130E52030037D309 /* SDLMain.m in Sources */ = {isa = PBXBuildFile; fileRef = 030F8E151264C0FF00190225 /* SDLMain.m */; };
		03C9206C13693A51000C4373 /* GameState.cpp in Sources */ = {isa = PBXBuildFile; fileRef = 03C9206B13693A51000C4373 /* GameState.cpp */; };
		03E508FA18FE1B340056ECE6 /* TowerRenderer.cpp in Sources */ = {isa = PBXBuildFile; fileRef = 03E508F818FE1B340056ECE6 /* TowerRenderer.cpp */; };
		03EA006313839E1F00791980 /* Collisions.cpp in Sources */ = {isa = PBXBuildFile; fileRef = 03EA006213839E1F00791980 /* Collisions.cpp */; };
/* End PBXBuildFile section */

/* Begin PBXCopyFilesBuildPhase section */
		03C80750130E51A80037D309 /* CopyFiles */ = {
			isa = PBXCopyFilesBuildPhase;
			buildActionMask = 2147483647;
			dstPath = "";
			dstSubfolderSpec = 10;
			files = (
				0353219C18C936C9002FC13A /* SDL.framework in CopyFiles */,
			);
			runOnlyForDeploymentPostprocessing = 0;
		};
/* End PBXCopyFilesBuildPhase section */

/* Begin PBXFileReference section */
		0303173013204F1F009B9AFD /* GameLogic.cpp */ = {isa = PBXFileReference; fileEncoding = 4; lastKnownFileType = sourcecode.cpp.cpp; name = GameLogic.cpp; path = src/logic/GameLogic.cpp; sourceTree = "<group>"; };
		0303173113204F1F009B9AFD /* GameLogic.h */ = {isa = PBXFileReference; fileEncoding = 4; lastKnownFileType = sourcecode.c.h; name = GameLogic.h; path = src/logic/GameLogic.h; sourceTree = "<group>"; };
		030D18BE12D0792200DA9B7B /* InputHandler.h */ = {isa = PBXFileReference; fileEncoding = 4; lastKnownFileType = sourcecode.c.h; path = InputHandler.h; sourceTree = "<group>"; };
		030D18BF12D0792200DA9B7B /* InputHandler.cpp */ = {isa = PBXFileReference; fileEncoding = 4; lastKnownFileType = sourcecode.cpp.cpp; path = InputHandler.cpp; sourceTree = "<group>"; };
		030DEBFE126CDD1B000D87ED /* DiamondSquare.h */ = {isa = PBXFileReference; fileEncoding = 4; lastKnownFileType = sourcecode.c.h; path = DiamondSquare.h; sourceTree = "<group>"; };
		030DEBFF126CDD1B000D87ED /* DiamondSquare.cpp */ = {isa = PBXFileReference; fileEncoding = 4; lastKnownFileType = sourcecode.cpp.cpp; path = DiamondSquare.cpp; sourceTree = "<group>"; };
		030F8DE31264BFAA00190225 /* TODO.txt */ = {isa = PBXFileReference; fileEncoding = 4; lastKnownFileType = text; path = TODO.txt; sourceTree = "<group>"; };
		030F8DEC1264C00100190225 /* shaders */ = {isa = PBXFileReference; lastKnownFileType = folder; path = shaders; sourceTree = "<group>"; };
		030F8DEF1264C01100190225 /* data */ = {isa = PBXFileReference; lastKnownFileType = folder; path = data; sourceTree = "<group>"; };
		030F8E101264C0FF00190225 /* dominicusMain.cpp */ = {isa = PBXFileReference; fileEncoding = 4; lastKnownFileType = sourcecode.cpp.cpp; path = dominicusMain.cpp; sourceTree = "<group>"; };
		030F8E111264C0FF00190225 /* dominicusMain.h */ = {isa = PBXFileReference; fileEncoding = 4; lastKnownFileType = sourcecode.c.h; path = dominicusMain.h; sourceTree = "<group>"; };
		030F8E141264C0FF00190225 /* SDLMain.h */ = {isa = PBXFileReference; fileEncoding = 4; lastKnownFileType = sourcecode.c.h; path = SDLMain.h; sourceTree = "<group>"; };
		030F8E151264C0FF00190225 /* SDLMain.m */ = {isa = PBXFileReference; fileEncoding = 4; lastKnownFileType = sourcecode.c.objc; path = SDLMain.m; sourceTree = "<group>"; };
		030F8E1E1264C3E800190225 /* main.cpp */ = {isa = PBXFileReference; fileEncoding = 4; lastKnownFileType = sourcecode.cpp.cpp; path = main.cpp; sourceTree = "<group>"; };
		030F8E8B1264CD7700190225 /* Platform.h */ = {isa = PBXFileReference; fileEncoding = 4; lastKnownFileType = sourcecode.c.h; path = Platform.h; sourceTree = "<group>"; };
		030F8E8C1264CD8D00190225 /* Platform.cpp */ = {isa = PBXFileReference; fileEncoding = 4; lastKnownFileType = sourcecode.cpp.cpp; path = Platform.cpp; sourceTree = "<group>"; };
		030F8EAF1264CFFC00190225 /* MatrixMath.h */ = {isa = PBXFileReference; fileEncoding = 4; lastKnownFileType = sourcecode.c.h; path = MatrixMath.h; sourceTree = "<group>"; };
		030F8EB01264CFFC00190225 /* ScalarMath.h */ = {isa = PBXFileReference; fileEncoding = 4; lastKnownFileType = sourcecode.c.h; path = ScalarMath.h; sourceTree = "<group>"; };
		030F8EB11264CFFC00190225 /* VectorMath.h */ = {isa = PBXFileReference; fileEncoding = 4; lastKnownFileType = sourcecode.c.h; path = VectorMath.h; sourceTree = "<group>"; };
		030F8EC51264D4BC00190225 /* Mesh.h */ = {isa = PBXFileReference; fileEncoding = 4; lastKnownFileType = sourcecode.c.h; path = Mesh.h; sourceTree = "<group>"; };
		030F8F001264DBF300190225 /* libfreetype.a */ = {isa = PBXFileReference; lastKnownFileType = archive.ar; name = libfreetype.a; path = /usr/local/lib/libfreetype.a; sourceTree = "<absolute>"; };
		030F8F3C1264DD1300190225 /* Keyboard.cpp */ = {isa = PBXFileReference; fileEncoding = 4; lastKnownFileType = sourcecode.cpp.cpp; path = Keyboard.cpp; sourceTree = "<group>"; };
		030F8F3D1264DD1300190225 /* Keyboard.h */ = {isa = PBXFileReference; fileEncoding = 4; lastKnownFileType = sourcecode.c.h; path = Keyboard.h; sourceTree = "<group>"; };
		0315B609134C2AB8002AD1CE /* UILayoutAuthority.cpp */ = {isa = PBXFileReference; fileEncoding = 4; lastKnownFileType = sourcecode.cpp.cpp; name = UILayoutAuthority.cpp; path = src/logic/UILayoutAuthority.cpp; sourceTree = "<group>"; };
		0315B60A134C2AB8002AD1CE /* UILayoutAuthority.h */ = {isa = PBXFileReference; fileEncoding = 4; lastKnownFileType = sourcecode.c.h; name = UILayoutAuthority.h; path = src/logic/UILayoutAuthority.h; sourceTree = "<group>"; };
		0315B62F134C2CF7002AD1CE /* Schemes.h */ = {isa = PBXFileReference; fileEncoding = 4; lastKnownFileType = sourcecode.c.h; name = Schemes.h; path = src/logic/Schemes.h; sourceTree = "<group>"; };
		0315B630134C2CF7002AD1CE /* Schemes.cpp */ = {isa = PBXFileReference; fileEncoding = 4; lastKnownFileType = sourcecode.cpp.cpp; name = Schemes.cpp; path = src/logic/Schemes.cpp; sourceTree = "<group>"; };
		032B8B351263DF5900DDE564 /* README.txt */ = {isa = PBXFileReference; fileEncoding = 4; lastKnownFileType = text; path = README.txt; sourceTree = "<group>"; };
		0353219018C931EF002FC13A /* Cocoa.framework */ = {isa = PBXFileReference; lastKnownFileType = wrapper.framework; name = Cocoa.framework; path = ../../../../../../System/Library/Frameworks/Cocoa.framework; sourceTree = "<group>"; };
		0353219218C93204002FC13A /* OpenGL.framework */ = {isa = PBXFileReference; lastKnownFileType = wrapper.framework; name = OpenGL.framework; path = ../../../../../../System/Library/Frameworks/OpenGL.framework; sourceTree = "<group>"; };
		0353219418C93216002FC13A /* SDL.framework */ = {isa = PBXFileReference; lastKnownFileType = wrapper.framework; name = SDL.framework; path = ../../../../../../Library/Frameworks/SDL.framework; sourceTree = "<group>"; };
		0353219618C93238002FC13A /* libz.1.2.5.dylib */ = {isa = PBXFileReference; lastKnownFileType = "compiled.mach-o.dylib"; name = libz.1.2.5.dylib; path = ../../../../../../usr/lib/libz.1.2.5.dylib; sourceTree = "<group>"; };
		0353219818C934A7002FC13A /* libbz2.1.0.dylib */ = {isa = PBXFileReference; lastKnownFileType = "compiled.mach-o.dylib"; name = libbz2.1.0.dylib; path = ../../../../../../usr/lib/libbz2.1.0.dylib; sourceTree = "<group>"; };
		0353219A18C93516002FC13A /* libpng16.a */ = {isa = PBXFileReference; lastKnownFileType = archive.ar; name = libpng16.a; path = ../../../../../../usr/local/lib/libpng16.a; sourceTree = "<group>"; };
		0354664B1912C17200F4953E /* DrawButton.cpp */ = {isa = PBXFileReference; fileEncoding = 4; lastKnownFileType = sourcecode.cpp.cpp; path = DrawButton.cpp; sourceTree = "<group>"; };
		0354664C1912C17200F4953E /* DrawButton.h */ = {isa = PBXFileReference; fileEncoding = 4; lastKnownFileType = sourcecode.c.h; path = DrawButton.h; sourceTree = "<group>"; };
		0354664D1912C17200F4953E /* DrawContainer.cpp */ = {isa = PBXFileReference; fileEncoding = 4; lastKnownFileType = sourcecode.cpp.cpp; path = DrawContainer.cpp; sourceTree = "<group>"; };
		0354664E1912C17200F4953E /* DrawContainer.h */ = {isa = PBXFileReference; fileEncoding = 4; lastKnownFileType = sourcecode.c.h; path = DrawContainer.h; sourceTree = "<group>"; };
		0354664F1912C17200F4953E /* DrawControlBox.cpp */ = {isa = PBXFileReference; fileEncoding = 4; lastKnownFileType = sourcecode.cpp.cpp; path = DrawControlBox.cpp; sourceTree = "<group>"; };
		035466501912C17200F4953E /* DrawControlBox.h */ = {isa = PBXFileReference; fileEncoding = 4; lastKnownFileType = sourcecode.c.h; path = DrawControlBox.h; sourceTree = "<group>"; };
		035466511912C17200F4953E /* DrawField.cpp */ = {isa = PBXFileReference; fileEncoding = 4; lastKnownFileType = sourcecode.cpp.cpp; path = DrawField.cpp; sourceTree = "<group>"; };
		035466521912C17200F4953E /* DrawField.h */ = {isa = PBXFileReference; fileEncoding = 4; lastKnownFileType = sourcecode.c.h; path = DrawField.h; sourceTree = "<group>"; };
		035466531912C17200F4953E /* DrawGrayOut.cpp */ = {isa = PBXFileReference; fileEncoding = 4; lastKnownFileType = sourcecode.cpp.cpp; path = DrawGrayOut.cpp; sourceTree = "<group>"; };
		035466541912C17200F4953E /* DrawGrayOut.h */ = {isa = PBXFileReference; fileEncoding = 4; lastKnownFileType = sourcecode.c.h; path = DrawGrayOut.h; sourceTree = "<group>"; };
		035466551912C17200F4953E /* DrawLabel.cpp */ = {isa = PBXFileReference; fileEncoding = 4; lastKnownFileType = sourcecode.cpp.cpp; path = DrawLabel.cpp; sourceTree = "<group>"; };
		035466561912C17200F4953E /* DrawLabel.h */ = {isa = PBXFileReference; fileEncoding = 4; lastKnownFileType = sourcecode.c.h; path = DrawLabel.h; sourceTree = "<group>"; };
		035466571912C17200F4953E /* DrawProgressBar.cpp */ = {isa = PBXFileReference; fileEncoding = 4; lastKnownFileType = sourcecode.cpp.cpp; path = DrawProgressBar.cpp; sourceTree = "<group>"; };
		035466581912C17200F4953E /* DrawProgressBar.h */ = {isa = PBXFileReference; fileEncoding = 4; lastKnownFileType = sourcecode.c.h; path = DrawProgressBar.h; sourceTree = "<group>"; };
		035466591912C17200F4953E /* DrawRadar.cpp */ = {isa = PBXFileReference; fileEncoding = 4; lastKnownFileType = sourcecode.cpp.cpp; path = DrawRadar.cpp; sourceTree = "<group>"; };
		0354665A1912C17200F4953E /* DrawRadar.h */ = {isa = PBXFileReference; fileEncoding = 4; lastKnownFileType = sourcecode.c.h; path = DrawRadar.h; sourceTree = "<group>"; };
		0354665B1912C17200F4953E /* DrawSplash.cpp */ = {isa = PBXFileReference; fileEncoding = 4; lastKnownFileType = sourcecode.cpp.cpp; path = DrawSplash.cpp; sourceTree = "<group>"; };
		0354665C1912C17200F4953E /* DrawSplash.h */ = {isa = PBXFileReference; fileEncoding = 4; lastKnownFileType = sourcecode.c.h; path = DrawSplash.h; sourceTree = "<group>"; };
		0354665D1912C17200F4953E /* DrawTexture.cpp */ = {isa = PBXFileReference; fileEncoding = 4; lastKnownFileType = sourcecode.cpp.cpp; path = DrawTexture.cpp; sourceTree = "<group>"; };
		0354665E1912C17200F4953E /* DrawTexture.h */ = {isa = PBXFileReference; fileEncoding = 4; lastKnownFileType = sourcecode.c.h; path = DrawTexture.h; sourceTree = "<group>"; };
		0358003012E2DC8E00CB625F /* MiscMath.h */ = {isa = PBXFileReference; fileEncoding = 4; lastKnownFileType = sourcecode.c.h; path = MiscMath.h; sourceTree = "<group>"; };
		03590EEC131E181C00EDF7A7 /* GameSystem.h */ = {isa = PBXFileReference; fileEncoding = 4; lastKnownFileType = sourcecode.c.h; path = GameSystem.h; sourceTree = "<group>"; };
		03590EED131E181C00EDF7A7 /* GameSystem.cpp */ = {isa = PBXFileReference; fileEncoding = 4; lastKnownFileType = sourcecode.cpp.cpp; path = GameSystem.cpp; sourceTree = "<group>"; };
		035A3C4412841B390001E186 /* Mouse.h */ = {isa = PBXFileReference; fileEncoding = 4; lastKnownFileType = sourcecode.c.h; path = Mouse.h; sourceTree = "<group>"; };
		035A3C4512841B390001E186 /* Mouse.cpp */ = {isa = PBXFileReference; fileEncoding = 4; lastKnownFileType = sourcecode.cpp.cpp; path = Mouse.cpp; sourceTree = "<group>"; };
		035E0E7512DCE54D00F84121 /* MainLoopMember.h */ = {isa = PBXFileReference; fileEncoding = 4; lastKnownFileType = sourcecode.c.h; path = MainLoopMember.h; sourceTree = "<group>"; };
		035E0E7612DCE54D00F84121 /* MainLoopMember.cpp */ = {isa = PBXFileReference; fileEncoding = 4; lastKnownFileType = sourcecode.cpp.cpp; path = MainLoopMember.cpp; sourceTree = "<group>"; };
		036C99641915AD1A00776051 /* DrawGaugePanel.cpp */ = {isa = PBXFileReference; fileEncoding = 4; lastKnownFileType = sourcecode.cpp.cpp; path = DrawGaugePanel.cpp; sourceTree = "<group>"; };
		036C99651915AD1A00776051 /* DrawGaugePanel.h */ = {isa = PBXFileReference; fileEncoding = 4; lastKnownFileType = sourcecode.c.h; path = DrawGaugePanel.h; sourceTree = "<group>"; };
		036CFFDF18EB5D4800C1B797 /* Camera.cpp */ = {isa = PBXFileReference; fileEncoding = 4; lastKnownFileType = sourcecode.cpp.cpp; name = Camera.cpp; path = src/logic/Camera.cpp; sourceTree = SOURCE_ROOT; };
		036CFFE018EB5D4800C1B797 /* Camera.h */ = {isa = PBXFileReference; fileEncoding = 4; lastKnownFileType = sourcecode.c.h; name = Camera.h; path = src/logic/Camera.h; sourceTree = SOURCE_ROOT; };
		0387C28B18F3E2A300565A43 /* GameAudio.cpp */ = {isa = PBXFileReference; fileEncoding = 4; lastKnownFileType = sourcecode.cpp.cpp; name = GameAudio.cpp; path = src/audio/GameAudio.cpp; sourceTree = "<group>"; };
		0387C28C18F3E2A300565A43 /* GameAudio.h */ = {isa = PBXFileReference; fileEncoding = 4; lastKnownFileType = sourcecode.c.h; name = GameAudio.h; path = src/audio/GameAudio.h; sourceTree = "<group>"; };
		038FC1DE12A0EA3A00AE328B /* OpenGLHeaders.h */ = {isa = PBXFileReference; fileEncoding = 4; lastKnownFileType = sourcecode.c.h; path = OpenGLHeaders.h; sourceTree = "<group>"; };
		03ACFE4118FCD8C200A6B447 /* ShipRenderer.cpp */ = {isa = PBXFileReference; fileEncoding = 4; lastKnownFileType = sourcecode.cpp.cpp; path = ShipRenderer.cpp; sourceTree = "<group>"; };
		03ACFE4218FCD8C200A6B447 /* ShipRenderer.h */ = {isa = PBXFileReference; fileEncoding = 4; lastKnownFileType = sourcecode.c.h; path = ShipRenderer.h; sourceTree = "<group>"; };
		03ACFE4318FCD8C200A6B447 /* SkyRenderer.cpp */ = {isa = PBXFileReference; fileEncoding = 4; lastKnownFileType = sourcecode.cpp.cpp; path = SkyRenderer.cpp; sourceTree = "<group>"; };
		03ACFE4418FCD8C200A6B447 /* SkyRenderer.h */ = {isa = PBXFileReference; fileEncoding = 4; lastKnownFileType = sourcecode.c.h; path = SkyRenderer.h; sourceTree = "<group>"; };
		03ACFE4518FCD8C200A6B447 /* TerrainRenderer.cpp */ = {isa = PBXFileReference; fileEncoding = 4; lastKnownFileType = sourcecode.cpp.cpp; path = TerrainRenderer.cpp; sourceTree = "<group>"; };
		03ACFE4618FCD8C200A6B447 /* TerrainRenderer.h */ = {isa = PBXFileReference; fileEncoding = 4; lastKnownFileType = sourcecode.c.h; path = TerrainRenderer.h; sourceTree = "<group>"; };
		03ACFE4718FCD8C200A6B447 /* WaterRenderer.cpp */ = {isa = PBXFileReference; fileEncoding = 4; lastKnownFileType = sourcecode.cpp.cpp; path = WaterRenderer.cpp; sourceTree = "<group>"; };
		03ACFE4818FCD8C200A6B447 /* WaterRenderer.h */ = {isa = PBXFileReference; fileEncoding = 4; lastKnownFileType = sourcecode.c.h; path = WaterRenderer.h; sourceTree = "<group>"; };
		03BB9B7E131F3F50009DFC8B /* GameGraphics.cpp */ = {isa = PBXFileReference; fileEncoding = 4; lastKnownFileType = sourcecode.cpp.cpp; path = GameGraphics.cpp; sourceTree = "<group>"; };
		03BB9B7F131F3F50009DFC8B /* GameGraphics.h */ = {isa = PBXFileReference; fileEncoding = 4; lastKnownFileType = sourcecode.c.h; path = GameGraphics.h; sourceTree = "<group>"; };
		03BB9B81131F3F50009DFC8B /* FontManager.cpp */ = {isa = PBXFileReference; fileEncoding = 4; lastKnownFileType = sourcecode.cpp.cpp; path = FontManager.cpp; sourceTree = "<group>"; };
		03BB9B82131F3F50009DFC8B /* FontManager.h */ = {isa = PBXFileReference; fileEncoding = 4; lastKnownFileType = sourcecode.c.h; path = FontManager.h; sourceTree = "<group>"; };
		03BB9B83131F3F50009DFC8B /* TextBlock.cpp */ = {isa = PBXFileReference; fileEncoding = 4; lastKnownFileType = sourcecode.cpp.cpp; path = TextBlock.cpp; sourceTree = "<group>"; };
		03BB9B84131F3F50009DFC8B /* TextBlock.h */ = {isa = PBXFileReference; fileEncoding = 4; lastKnownFileType = sourcecode.c.h; path = TextBlock.h; sourceTree = "<group>"; };
		03BB9B88131F3F50009DFC8B /* Texture.cpp */ = {isa = PBXFileReference; fileEncoding = 4; lastKnownFileType = sourcecode.cpp.cpp; path = Texture.cpp; sourceTree = "<group>"; };
		03BB9B89131F3F50009DFC8B /* Texture.h */ = {isa = PBXFileReference; fileEncoding = 4; lastKnownFileType = sourcecode.c.h; path = Texture.h; sourceTree = "<group>"; };
		03C806C7130E4FED0037D309 /* crucible island.app */ = {isa = PBXFileReference; explicitFileType = wrapper.application; includeInIndex = 0; path = "crucible island.app"; sourceTree = BUILT_PRODUCTS_DIR; };
		03C9206A13693A51000C4373 /* GameState.h */ = {isa = PBXFileReference; fileEncoding = 4; lastKnownFileType = sourcecode.c.h; name = GameState.h; path = src/state/GameState.h; sourceTree = "<group>"; };
		03C9206B13693A51000C4373 /* GameState.cpp */ = {isa = PBXFileReference; fileEncoding = 4; lastKnownFileType = sourcecode.cpp.cpp; name = GameState.cpp; path = src/state/GameState.cpp; sourceTree = "<group>"; };
		03D47B7D1263E27F001755A6 /* crucible island.icns */ = {isa = PBXFileReference; lastKnownFileType = image.icns; path = "crucible island.icns"; sourceTree = "<group>"; };
		03D8C0781264BEBA00F26DC9 /* licenses */ = {isa = PBXFileReference; lastKnownFileType = folder; path = licenses; sourceTree = "<group>"; };
		03E508F818FE1B340056ECE6 /* TowerRenderer.cpp */ = {isa = PBXFileReference; fileEncoding = 4; lastKnownFileType = sourcecode.cpp.cpp; path = TowerRenderer.cpp; sourceTree = "<group>"; };
		03E508F918FE1B340056ECE6 /* TowerRenderer.h */ = {isa = PBXFileReference; fileEncoding = 4; lastKnownFileType = sourcecode.c.h; path = TowerRenderer.h; sourceTree = "<group>"; };
		03EA006113839E1F00791980 /* Collisions.h */ = {isa = PBXFileReference; fileEncoding = 4; lastKnownFileType = sourcecode.c.h; name = Collisions.h; path = src/state/Collisions.h; sourceTree = "<group>"; };
		03EA006213839E1F00791980 /* Collisions.cpp */ = {isa = PBXFileReference; fileEncoding = 4; lastKnownFileType = sourcecode.cpp.cpp; name = Collisions.cpp; path = src/state/Collisions.cpp; sourceTree = "<group>"; };
		089C165DFE840E0CC02AAC07 /* English */ = {isa = PBXFileReference; fileEncoding = 4; lastKnownFileType = text.plist.strings; name = English; path = English.lproj/InfoPlist.strings; sourceTree = "<group>"; };
		8D1107310486CEB800E47090 /* crucible island.plist */ = {isa = PBXFileReference; fileEncoding = 4; lastKnownFileType = text.plist.xml; path = "crucible island.plist"; sourceTree = "<group>"; };
/* End PBXFileReference section */

/* Begin PBXFrameworksBuildPhase section */
		03C806C5130E4FED0037D309 /* Frameworks */ = {
			isa = PBXFrameworksBuildPhase;
			buildActionMask = 2147483647;
			files = (
				0353219518C93216002FC13A /* SDL.framework in Frameworks */,
				03C80756130E51C20037D309 /* libfreetype.a in Frameworks */,
				0353219918C934A7002FC13A /* libbz2.1.0.dylib in Frameworks */,
				0353219718C93238002FC13A /* libz.1.2.5.dylib in Frameworks */,
				0353219118C931EF002FC13A /* Cocoa.framework in Frameworks */,
				0353219318C93204002FC13A /* OpenGL.framework in Frameworks */,
				0353219B18C93516002FC13A /* libpng16.a in Frameworks */,
			);
			runOnlyForDeploymentPostprocessing = 0;
		};
/* End PBXFrameworksBuildPhase section */

/* Begin PBXGroup section */
		0303172813204EAE009B9AFD /* logic */ = {
			isa = PBXGroup;
			children = (
				0303173113204F1F009B9AFD /* GameLogic.h */,
				0303173013204F1F009B9AFD /* GameLogic.cpp */,
				0315B60A134C2AB8002AD1CE /* UILayoutAuthority.h */,
				0315B609134C2AB8002AD1CE /* UILayoutAuthority.cpp */,
				0315B62F134C2CF7002AD1CE /* Schemes.h */,
				0315B630134C2CF7002AD1CE /* Schemes.cpp */,
				036CFFE018EB5D4800C1B797 /* Camera.h */,
				036CFFDF18EB5D4800C1B797 /* Camera.cpp */,
			);
			name = logic;
			sourceTree = "<group>";
		};
		030F8E0F1264C0FF00190225 /* core */ = {
			isa = PBXGroup;
			children = (
				030F8E111264C0FF00190225 /* dominicusMain.h */,
				030F8E101264C0FF00190225 /* dominicusMain.cpp */,
				035E0E7512DCE54D00F84121 /* MainLoopMember.h */,
				035E0E7612DCE54D00F84121 /* MainLoopMember.cpp */,
				03590EEC131E181C00EDF7A7 /* GameSystem.h */,
				03590EED131E181C00EDF7A7 /* GameSystem.cpp */,
			);
			name = core;
			path = src/core;
			sourceTree = "<group>";
		};
		030F8E121264C0FF00190225 /* platform */ = {
			isa = PBXGroup;
			children = (
				030F8E8B1264CD7700190225 /* Platform.h */,
				038FC1DE12A0EA3A00AE328B /* OpenGLHeaders.h */,
				030F8E131264C0FF00190225 /* macosx */,
			);
			name = platform;
			path = src/platform;
			sourceTree = "<group>";
		};
		030F8E131264C0FF00190225 /* macosx */ = {
			isa = PBXGroup;
			children = (
				030F8E1E1264C3E800190225 /* main.cpp */,
				030F8E8C1264CD8D00190225 /* Platform.cpp */,
				030F8E141264C0FF00190225 /* SDLMain.h */,
				030F8E151264C0FF00190225 /* SDLMain.m */,
			);
			path = macosx;
			sourceTree = "<group>";
		};
		030F8EAE1264CFFC00190225 /* math */ = {
			isa = PBXGroup;
			children = (
				030F8EB01264CFFC00190225 /* ScalarMath.h */,
				030F8EB11264CFFC00190225 /* VectorMath.h */,
				030F8EAF1264CFFC00190225 /* MatrixMath.h */,
				0358003012E2DC8E00CB625F /* MiscMath.h */,
			);
			name = math;
			path = src/math;
			sourceTree = "<group>";
		};
		030F8EC41264D4BC00190225 /* geometry */ = {
			isa = PBXGroup;
			children = (
				030F8EC51264D4BC00190225 /* Mesh.h */,
				030DEBFE126CDD1B000D87ED /* DiamondSquare.h */,
				030DEBFF126CDD1B000D87ED /* DiamondSquare.cpp */,
			);
			name = geometry;
			path = src/geometry;
			sourceTree = "<group>";
		};
		030F8F3B1264DD1300190225 /* input */ = {
			isa = PBXGroup;
			children = (
				030D18BE12D0792200DA9B7B /* InputHandler.h */,
				030D18BF12D0792200DA9B7B /* InputHandler.cpp */,
				030F8F3D1264DD1300190225 /* Keyboard.h */,
				030F8F3C1264DD1300190225 /* Keyboard.cpp */,
				035A3C4412841B390001E186 /* Mouse.h */,
				035A3C4512841B390001E186 /* Mouse.cpp */,
			);
			name = input;
			path = src/input;
			sourceTree = "<group>";
		};
		032B8AE812639AC900DDE564 /* frameworks */ = {
			isa = PBXGroup;
			children = (
				0353219018C931EF002FC13A /* Cocoa.framework */,
				0353219218C93204002FC13A /* OpenGL.framework */,
				0353219418C93216002FC13A /* SDL.framework */,
				0353219618C93238002FC13A /* libz.1.2.5.dylib */,
				0353219818C934A7002FC13A /* libbz2.1.0.dylib */,
				030F8F001264DBF300190225 /* libfreetype.a */,
				0353219A18C93516002FC13A /* libpng16.a */,
			);
			name = frameworks;
			sourceTree = "<group>";
		};
		035AB02F127577B1006257C1 /* state */ = {
			isa = PBXGroup;
			children = (
				03C9206A13693A51000C4373 /* GameState.h */,
				03C9206B13693A51000C4373 /* GameState.cpp */,
				03EA006113839E1F00791980 /* Collisions.h */,
				03EA006213839E1F00791980 /* Collisions.cpp */,
			);
			name = state;
			sourceTree = "<group>";
		};
		0387C28A18F3E27600565A43 /* audio */ = {
			isa = PBXGroup;
			children = (
				0387C28C18F3E2A300565A43 /* GameAudio.h */,
				0387C28B18F3E2A300565A43 /* GameAudio.cpp */,
			);
			name = audio;
			sourceTree = "<group>";
		};
		03BB9B52131F3F50009DFC8B /* graphics */ = {
			isa = PBXGroup;
			children = (
				03BB9B7F131F3F50009DFC8B /* GameGraphics.h */,
				03BB9B7E131F3F50009DFC8B /* GameGraphics.cpp */,
				03BB9B53131F3F50009DFC8B /* 2dgraphics */,
				03BB9B6A131F3F50009DFC8B /* 3dgraphics */,
				03BB9B85131F3F50009DFC8B /* texture */,
				03BB9B80131F3F50009DFC8B /* text */,
			);
			name = graphics;
			path = src/graphics;
			sourceTree = "<group>";
		};
		03BB9B53131F3F50009DFC8B /* 2dgraphics */ = {
			isa = PBXGroup;
			children = (
				0354664C1912C17200F4953E /* DrawButton.h */,
				0354664B1912C17200F4953E /* DrawButton.cpp */,
				0354664E1912C17200F4953E /* DrawContainer.h */,
				0354664D1912C17200F4953E /* DrawContainer.cpp */,
				035466501912C17200F4953E /* DrawControlBox.h */,
				0354664F1912C17200F4953E /* DrawControlBox.cpp */,
				035466521912C17200F4953E /* DrawField.h */,
				035466511912C17200F4953E /* DrawField.cpp */,
				036C99651915AD1A00776051 /* DrawGaugePanel.h */,
				036C99641915AD1A00776051 /* DrawGaugePanel.cpp */,
				035466541912C17200F4953E /* DrawGrayOut.h */,
				035466531912C17200F4953E /* DrawGrayOut.cpp */,
				035466561912C17200F4953E /* DrawLabel.h */,
				035466551912C17200F4953E /* DrawLabel.cpp */,
				035466581912C17200F4953E /* DrawProgressBar.h */,
				035466571912C17200F4953E /* DrawProgressBar.cpp */,
				0354665A1912C17200F4953E /* DrawRadar.h */,
				035466591912C17200F4953E /* DrawRadar.cpp */,
				0354665C1912C17200F4953E /* DrawSplash.h */,
				0354665B1912C17200F4953E /* DrawSplash.cpp */,
				0354665E1912C17200F4953E /* DrawTexture.h */,
				0354665D1912C17200F4953E /* DrawTexture.cpp */,
			);
			path = 2dgraphics;
			sourceTree = "<group>";
		};
		03BB9B6A131F3F50009DFC8B /* 3dgraphics */ = {
			isa = PBXGroup;
			children = (
				03ACFE4218FCD8C200A6B447 /* ShipRenderer.h */,
				03ACFE4118FCD8C200A6B447 /* ShipRenderer.cpp */,
				03ACFE4418FCD8C200A6B447 /* SkyRenderer.h */,
				03ACFE4318FCD8C200A6B447 /* SkyRenderer.cpp */,
				03ACFE4618FCD8C200A6B447 /* TerrainRenderer.h */,
				03ACFE4518FCD8C200A6B447 /* TerrainRenderer.cpp */,
				03E508F918FE1B340056ECE6 /* TowerRenderer.h */,
				03E508F818FE1B340056ECE6 /* TowerRenderer.cpp */,
				03ACFE4818FCD8C200A6B447 /* WaterRenderer.h */,
				03ACFE4718FCD8C200A6B447 /* WaterRenderer.cpp */,
			);
			path = 3dgraphics;
			sourceTree = "<group>";
		};
		03BB9B80131F3F50009DFC8B /* text */ = {
			isa = PBXGroup;
			children = (
				03BB9B82131F3F50009DFC8B /* FontManager.h */,
				03BB9B81131F3F50009DFC8B /* FontManager.cpp */,
				03BB9B84131F3F50009DFC8B /* TextBlock.h */,
				03BB9B83131F3F50009DFC8B /* TextBlock.cpp */,
			);
			path = text;
			sourceTree = "<group>";
		};
		03BB9B85131F3F50009DFC8B /* texture */ = {
			isa = PBXGroup;
			children = (
				03BB9B89131F3F50009DFC8B /* Texture.h */,
				03BB9B88131F3F50009DFC8B /* Texture.cpp */,
			);
			path = texture;
			sourceTree = "<group>";
		};
		29B97314FDCFA39411CA2CEA /* dominicus */ = {
			isa = PBXGroup;
			children = (
				030F8E0F1264C0FF00190225 /* core */,
				030F8E121264C0FF00190225 /* platform */,
				030F8EAE1264CFFC00190225 /* math */,
				030F8EC41264D4BC00190225 /* geometry */,
				035AB02F127577B1006257C1 /* state */,
				030F8F3B1264DD1300190225 /* input */,
				0303172813204EAE009B9AFD /* logic */,
				03BB9B52131F3F50009DFC8B /* graphics */,
				0387C28A18F3E27600565A43 /* audio */,
				032B8B351263DF5900DDE564 /* README.txt */,
				030F8DE31264BFAA00190225 /* TODO.txt */,
				8D1107310486CEB800E47090 /* crucible island.plist */,
				089C165CFE840E0CC02AAC07 /* InfoPlist.strings */,
				03D47B7D1263E27F001755A6 /* crucible island.icns */,
				03D8C0781264BEBA00F26DC9 /* licenses */,
				030F8DEC1264C00100190225 /* shaders */,
				030F8DEF1264C01100190225 /* data */,
				032B8AE812639AC900DDE564 /* frameworks */,
				03C806C7130E4FED0037D309 /* crucible island.app */,
			);
			name = dominicus;
			sourceTree = "<group>";
		};
/* End PBXGroup section */

/* Begin PBXNativeTarget section */
		03C806C6130E4FED0037D309 /* crucible island */ = {
			isa = PBXNativeTarget;
			buildConfigurationList = 03C806CB130E500B0037D309 /* Build configuration list for PBXNativeTarget "crucible island" */;
			buildPhases = (
				03C806C3130E4FED0037D309 /* Resources */,
				03C806C4130E4FED0037D309 /* Sources */,
				03C806C5130E4FED0037D309 /* Frameworks */,
				03C80750130E51A80037D309 /* CopyFiles */,
			);
			buildRules = (
			);
			dependencies = (
			);
			name = "crucible island";
			productName = dominicus;
			productReference = 03C806C7130E4FED0037D309 /* crucible island.app */;
			productType = "com.apple.product-type.application";
		};
/* End PBXNativeTarget section */

/* Begin PBXProject section */
		29B97313FDCFA39411CA2CEA /* Project object */ = {
			isa = PBXProject;
			attributes = {
				LastUpgradeCheck = 0510;
				ORGANIZATIONNAME = "Joshua Bodine";
			};
			buildConfigurationList = C01FCF4E08A954540054247B /* Build configuration list for PBXProject "crucible island" */;
			compatibilityVersion = "Xcode 3.2";
			developmentRegion = English;
			hasScannedForEncodings = 1;
			knownRegions = (
				en,
			);
			mainGroup = 29B97314FDCFA39411CA2CEA /* dominicus */;
			productRefGroup = 29B97314FDCFA39411CA2CEA /* dominicus */;
			projectDirPath = "";
			projectRoot = "";
			targets = (
				03C806C6130E4FED0037D309 /* crucible island */,
			);
		};
/* End PBXProject section */

/* Begin PBXResourcesBuildPhase section */
		03C806C3130E4FED0037D309 /* Resources */ = {
			isa = PBXResourcesBuildPhase;
			buildActionMask = 2147483647;
			files = (
				03C806CC130E500D0037D309 /* InfoPlist.strings in Resources */,
				03C806CD130E50140037D309 /* crucible island.icns in Resources */,
				03C806CE130E50340037D309 /* shaders in Resources */,
				03C806CF130E50340037D309 /* data in Resources */,
			);
			runOnlyForDeploymentPostprocessing = 0;
		};
/* End PBXResourcesBuildPhase section */

/* Begin PBXSourcesBuildPhase section */
		03C806C4130E4FED0037D309 /* Sources */ = {
			isa = PBXSourcesBuildPhase;
			buildActionMask = 2147483647;
			files = (
				03C806D5130E509E0037D309 /* Platform.cpp in Sources */,
				03C806D6130E509F0037D309 /* InputHandler.cpp in Sources */,
				03C806DC130E50A60037D309 /* Keyboard.cpp in Sources */,
				03C806DF130E50A90037D309 /* dominicusMain.cpp in Sources */,
				03ACFE4B18FCD8C200A6B447 /* TerrainRenderer.cpp in Sources */,
				035466691912C17200F4953E /* DrawTexture.cpp in Sources */,
				035466611912C17200F4953E /* DrawContainer.cpp in Sources */,
				03C806E3130E50AD0037D309 /* MainLoopMember.cpp in Sources */,
				03C806E9130E50B30037D309 /* DiamondSquare.cpp in Sources */,
				035466601912C17200F4953E /* DrawButton.cpp in Sources */,
				03C806F7130E50D00037D309 /* Mouse.cpp in Sources */,
				03C80701130E50D90037D309 /* main.cpp in Sources */,
				03C8075E130E52030037D309 /* SDLMain.m in Sources */,
				035466651912C17200F4953E /* DrawLabel.cpp in Sources */,
				03590F84131E446000EDF7A7 /* GameSystem.cpp in Sources */,
				035466681912C17200F4953E /* DrawSplash.cpp in Sources */,
				03BB9B9B131F3F50009DFC8B /* GameGraphics.cpp in Sources */,
				036C99671915C49B00776051 /* DrawGaugePanel.cpp in Sources */,
				036CFFE118EB5D4800C1B797 /* Camera.cpp in Sources */,
				035466631912C17200F4953E /* DrawField.cpp in Sources */,
				03BB9D26131F5D39009DFC8B /* Texture.cpp in Sources */,
				0303173213204F1F009B9AFD /* GameLogic.cpp in Sources */,
				03BC5B001339F19900DD3F04 /* FontManager.cpp in Sources */,
				0330C498133A2AB6006199BE /* TextBlock.cpp in Sources */,
				0315B60B134C2AB8002AD1CE /* UILayoutAuthority.cpp in Sources */,
				0387C28D18F3E2A300565A43 /* GameAudio.cpp in Sources */,
				035466661912C17200F4953E /* DrawProgressBar.cpp in Sources */,
				035466621912C17200F4953E /* DrawControlBox.cpp in Sources */,
				035466671912C17200F4953E /* DrawRadar.cpp in Sources */,
				0315B631134C2CF7002AD1CE /* Schemes.cpp in Sources */,
				03E508FA18FE1B340056ECE6 /* TowerRenderer.cpp in Sources */,
				03C9206C13693A51000C4373 /* GameState.cpp in Sources */,
				03ACFE4918FCD8C200A6B447 /* ShipRenderer.cpp in Sources */,
				03ACFE4A18FCD8C200A6B447 /* SkyRenderer.cpp in Sources */,
				03ACFE4C18FCD8C200A6B447 /* WaterRenderer.cpp in Sources */,
				035466641912C17200F4953E /* DrawGrayOut.cpp in Sources */,
				03EA006313839E1F00791980 /* Collisions.cpp in Sources */,
			);
			runOnlyForDeploymentPostprocessing = 0;
		};
/* End PBXSourcesBuildPhase section */

/* Begin PBXVariantGroup section */
		089C165CFE840E0CC02AAC07 /* InfoPlist.strings */ = {
			isa = PBXVariantGroup;
			children = (
				089C165DFE840E0CC02AAC07 /* English */,
			);
			name = InfoPlist.strings;
			sourceTree = "<group>";
		};
/* End PBXVariantGroup section */

/* Begin XCBuildConfiguration section */
		03C806C9130E4FED0037D309 /* Debug */ = {
			isa = XCBuildConfiguration;
			buildSettings = {
				ALWAYS_SEARCH_USER_PATHS = NO;
				COMBINE_HIDPI_IMAGES = YES;
				COPY_PHASE_STRIP = NO;
				FRAMEWORK_SEARCH_PATHS = (
					"$(inherited)",
					"$(LOCAL_LIBRARY_DIR)/Frameworks",
				);
				GCC_DYNAMIC_NO_PIC = NO;
				GCC_ENABLE_FIX_AND_CONTINUE = YES;
				GCC_MODEL_TUNING = G5;
				GCC_OPTIMIZATION_LEVEL = 0;
				GCC_PRECOMPILE_PREFIX_HEADER = NO;
				GCC_PREFIX_HEADER = "";
				INFOPLIST_FILE = "$(SRCROOT)/crucible island.plist";
				INSTALL_PATH = "$(HOME)/Applications";
				OTHER_LDFLAGS = "";
				PREBINDING = NO;
				PRODUCT_NAME = "crucible island";
			};
			name = Debug;
		};
		03C806CA130E4FED0037D309 /* Release */ = {
			isa = XCBuildConfiguration;
			buildSettings = {
				ALWAYS_SEARCH_USER_PATHS = NO;
				COMBINE_HIDPI_IMAGES = YES;
				COPY_PHASE_STRIP = YES;
				DEBUG_INFORMATION_FORMAT = "dwarf-with-dsym";
				FRAMEWORK_SEARCH_PATHS = (
					"$(inherited)",
					"$(LOCAL_LIBRARY_DIR)/Frameworks",
				);
				GCC_ENABLE_FIX_AND_CONTINUE = NO;
				GCC_MODEL_TUNING = G5;
				GCC_PRECOMPILE_PREFIX_HEADER = NO;
				GCC_PREFIX_HEADER = "";
				INFOPLIST_FILE = "$(SRCROOT)/crucible island.plist";
				INSTALL_PATH = "$(HOME)/Applications";
				OTHER_LDFLAGS = "";
				PREBINDING = NO;
				PRODUCT_NAME = "crucible island";
				ZERO_LINK = NO;
			};
			name = Release;
		};
		C01FCF4F08A954540054247B /* Debug */ = {
			isa = XCBuildConfiguration;
			buildSettings = {
				ARCHS = "$(NATIVE_ARCH_ACTUAL)";
				CURRENT_PROJECT_VERSION = "";
				FRAMEWORK_SEARCH_PATHS = /Library/Frameworks;
				GCC_C_LANGUAGE_STANDARD = gnu99;
				GCC_OPTIMIZATION_LEVEL = 0;
				GCC_WARN_ABOUT_MISSING_NEWLINE = YES;
				GCC_WARN_ABOUT_RETURN_TYPE = YES;
				GCC_WARN_UNUSED_VARIABLE = YES;
				HEADER_SEARCH_PATHS = (
					src,
					"/usr/local/include/**",
					/Library/Frameworks/SDL.framework/Headers,
				);
				LD_RUNPATH_SEARCH_PATHS = "@executable_path/../Frameworks";
				LIBRARY_SEARCH_PATHS = /usr/local/lib;
				MACOSX_DEPLOYMENT_TARGET = 10.6;
				ONLY_ACTIVE_ARCH = YES;
				PREBINDING = NO;
				SDKROOT = macosx;
				WARNING_CFLAGS = "";
			};
			name = Debug;
		};
		C01FCF5008A954540054247B /* Release */ = {
			isa = XCBuildConfiguration;
			buildSettings = {
				ARCHS = "$(ARCHS_STANDARD_32_64_BIT)";
				FRAMEWORK_SEARCH_PATHS = /Library/Frameworks;
				GCC_C_LANGUAGE_STANDARD = gnu99;
				GCC_WARN_ABOUT_MISSING_NEWLINE = YES;
				GCC_WARN_ABOUT_RETURN_TYPE = YES;
				GCC_WARN_UNUSED_VARIABLE = YES;
				HEADER_SEARCH_PATHS = (
					src,
					"/usr/local/include/**",
					/Library/Frameworks/SDL.framework/Headers,
				);
				LD_RUNPATH_SEARCH_PATHS = "@executable_path/../Frameworks";
				LIBRARY_SEARCH_PATHS = /usr/local/lib;
				MACOSX_DEPLOYMENT_TARGET = 10.6;
				PREBINDING = NO;
				SDKROOT = macosx;
			};
			name = Release;
		};
/* End XCBuildConfiguration section */

/* Begin XCConfigurationList section */
		03C806CB130E500B0037D309 /* Build configuration list for PBXNativeTarget "crucible island" */ = {
			isa = XCConfigurationList;
			buildConfigurations = (
				03C806C9130E4FED0037D309 /* Debug */,
				03C806CA130E4FED0037D309 /* Release */,
			);
			defaultConfigurationIsVisible = 0;
			defaultConfigurationName = Release;
		};
		C01FCF4E08A954540054247B /* Build configuration list for PBXProject "crucible island" */ = {
			isa = XCConfigurationList;
			buildConfigurations = (
				C01FCF4F08A954540054247B /* Debug */,
				C01FCF5008A954540054247B /* Release */,
			);
			defaultConfigurationIsVisible = 0;
			defaultConfigurationName = Release;
		};
/* End XCConfigurationList section */
	};
	rootObject = 29B97313FDCFA39411CA2CEA /* Project object */;
}
